
Microsoft Visual Studio Solution File, Format Version 12.00
# Visual Studio 15
VisualStudioVersion = 15.0.27004.2006
MinimumVisualStudioVersion = 10.0.40219.1
Project("{8BC9CEB8-8B4A-11D0-8D11-00A0C91BC942}") = "DemoTools", "DemoTools\DemoTools.vcxitems", "{1EEC14EC-DCD4-4A28-B563-73A5E2D23FF7}"
EndProject
Project("{2150E333-8FDC-42A3-9474-1A3956D46DE8}") = "Libraries", "Libraries", "{F06FF0C0-0F8C-4FB9-B18F-5DE7AA4A5A2F}"
EndProject
Project("{2150E333-8FDC-42A3-9474-1A3956D46DE8}") = "Tests", "Tests", "{7EEC7A9E-5D3F-40E5-BF51-8938B63A7B42}"
EndProject
Project("{8BC9CEB8-8B4A-11D0-8D11-00A0C91BC942}") = "DemoTools.Windows.Native", "DemoTools.Windows.Native\DemoTools.Windows.Native.vcxproj", "{66818BE5-780B-4FDE-9860-9D07242788EF}"
EndProject
Project("{8BC9CEB8-8B4A-11D0-8D11-00A0C91BC942}") = "NativeWindowsApp", "NativeWindowsApp\NativeWindowsApp.vcxproj", "{5F919EE1-0B5C-4FF9-8CED-C96E43F2EAE0}"
EndProject
Project("{2150E333-8FDC-42A3-9474-1A3956D46DE8}") = "NativeAndroidApp", "NativeAndroidApp", "{8B00EA48-F62B-4F74-AE0E-A20450A8C578}"
EndProject
Project("{39E2626F-3545-4960-A6E8-258AD8476CE5}") = "NativeAndroidApp.Packaging", "NativeAndroidApp\NativeAndroidApp.Packaging\NativeAndroidApp.Packaging.androidproj", "{11434240-295F-4B2E-83E9-1FC8714F0512}"
EndProject
Project("{8BC9CEB8-8B4A-11D0-8D11-00A0C91BC942}") = "NativeAndroidApp.NativeActivity", "NativeAndroidApp\NativeAndroidApp.NativeActivity\NativeAndroidApp.NativeActivity.vcxproj", "{05A3ECFE-BADA-48EF-8944-D2180E7239D5}"
EndProject
Project("{8BC9CEB8-8B4A-11D0-8D11-00A0C91BC942}") = "DemoTools.Android.Native", "DemoTools.Android.Native\DemoTools.Android.Native.vcxproj", "{214CDCF0-7DC1-4E75-8E42-5D376DFE4A17}"
EndProject
Project("{8BC9CEB8-8B4A-11D0-8D11-00A0C91BC942}") = "Generate.NET", "Generate.NET\Generate.NET.vcxproj", "{69A185EC-6024-46BA-AE97-9FFFC9E0D4B6}"
EndProject
Project("{D954291E-2A0B-460D-934E-DC6B0785DB48}") = "NetDemoTools", "NetDemoTools\NetDemoTools.shproj", "{406EDC64-2AC0-46B8-A608-944A30552EA7}"
EndProject
Project("{FAE04EC0-301F-11D3-BF4B-00C04F79EFBC}") = "DemoTools.NET.Framework", "DemoTools.NET.Framework\DemoTools.NET.Framework.csproj", "{B01B0B84-405C-4985-9C55-C0F98CE69783}"
	ProjectSection(ProjectDependencies) = postProject
		{69A185EC-6024-46BA-AE97-9FFFC9E0D4B6} = {69A185EC-6024-46BA-AE97-9FFFC9E0D4B6}
	EndProjectSection
EndProject
Project("{FAE04EC0-301F-11D3-BF4B-00C04F79EFBC}") = "WpfApp", "WpfApp\WpfApp.csproj", "{85161165-DE55-40CE-A00B-CFED20A005D9}"
EndProject
Global
	GlobalSection(SharedMSBuildProjectFiles) = preSolution
		DemoTools\DemoTools.vcxitems*{1eec14ec-dcd4-4a28-b563-73a5e2d23ff7}*SharedItemsImports = 9
		DemoTools\DemoTools.vcxitems*{214cdcf0-7dc1-4e75-8e42-5d376dfe4a17}*SharedItemsImports = 4
		NetDemoTools\NetDemoTools.projitems*{406edc64-2ac0-46b8-a608-944a30552ea7}*SharedItemsImports = 13
		DemoTools\DemoTools.vcxitems*{66818be5-780b-4fde-9860-9d07242788ef}*SharedItemsImports = 4
	EndGlobalSection
	GlobalSection(SolutionConfigurationPlatforms) = preSolution
		Debug|Any CPU = Debug|Any CPU
		Debug|ARM = Debug|ARM
		Debug|ARM64 = Debug|ARM64
		Debug|x64 = Debug|x64
		Debug|x86 = Debug|x86
		Release|Any CPU = Release|Any CPU
		Release|ARM = Release|ARM
		Release|ARM64 = Release|ARM64
		Release|x64 = Release|x64
		Release|x86 = Release|x86
	EndGlobalSection
	GlobalSection(ProjectConfigurationPlatforms) = postSolution
		{66818BE5-780B-4FDE-9860-9D07242788EF}.Debug|Any CPU.ActiveCfg = Debug|Win32
		{66818BE5-780B-4FDE-9860-9D07242788EF}.Debug|ARM.ActiveCfg = Debug|Win32
		{66818BE5-780B-4FDE-9860-9D07242788EF}.Debug|ARM64.ActiveCfg = Debug|Win32
		{66818BE5-780B-4FDE-9860-9D07242788EF}.Debug|x64.ActiveCfg = Debug|x64
		{66818BE5-780B-4FDE-9860-9D07242788EF}.Debug|x64.Build.0 = Debug|x64
		{66818BE5-780B-4FDE-9860-9D07242788EF}.Debug|x86.ActiveCfg = Debug|Win32
		{66818BE5-780B-4FDE-9860-9D07242788EF}.Debug|x86.Build.0 = Debug|Win32
		{66818BE5-780B-4FDE-9860-9D07242788EF}.Release|Any CPU.ActiveCfg = Release|Win32
		{66818BE5-780B-4FDE-9860-9D07242788EF}.Release|ARM.ActiveCfg = Release|Win32
		{66818BE5-780B-4FDE-9860-9D07242788EF}.Release|ARM64.ActiveCfg = Release|Win32
		{66818BE5-780B-4FDE-9860-9D07242788EF}.Release|x64.ActiveCfg = Release|x64
		{66818BE5-780B-4FDE-9860-9D07242788EF}.Release|x64.Build.0 = Release|x64
		{66818BE5-780B-4FDE-9860-9D07242788EF}.Release|x86.ActiveCfg = Release|Win32
		{66818BE5-780B-4FDE-9860-9D07242788EF}.Release|x86.Build.0 = Release|Win32
		{5F919EE1-0B5C-4FF9-8CED-C96E43F2EAE0}.Debug|Any CPU.ActiveCfg = Debug|Win32
		{5F919EE1-0B5C-4FF9-8CED-C96E43F2EAE0}.Debug|ARM.ActiveCfg = Debug|Win32
		{5F919EE1-0B5C-4FF9-8CED-C96E43F2EAE0}.Debug|ARM64.ActiveCfg = Debug|Win32
		{5F919EE1-0B5C-4FF9-8CED-C96E43F2EAE0}.Debug|x64.ActiveCfg = Debug|x64
		{5F919EE1-0B5C-4FF9-8CED-C96E43F2EAE0}.Debug|x64.Build.0 = Debug|x64
		{5F919EE1-0B5C-4FF9-8CED-C96E43F2EAE0}.Debug|x86.ActiveCfg = Debug|Win32
		{5F919EE1-0B5C-4FF9-8CED-C96E43F2EAE0}.Debug|x86.Build.0 = Debug|Win32
		{5F919EE1-0B5C-4FF9-8CED-C96E43F2EAE0}.Release|Any CPU.ActiveCfg = Release|Win32
		{5F919EE1-0B5C-4FF9-8CED-C96E43F2EAE0}.Release|ARM.ActiveCfg = Release|Win32
		{5F919EE1-0B5C-4FF9-8CED-C96E43F2EAE0}.Release|ARM64.ActiveCfg = Release|Win32
		{5F919EE1-0B5C-4FF9-8CED-C96E43F2EAE0}.Release|x64.ActiveCfg = Release|x64
		{5F919EE1-0B5C-4FF9-8CED-C96E43F2EAE0}.Release|x64.Build.0 = Release|x64
		{5F919EE1-0B5C-4FF9-8CED-C96E43F2EAE0}.Release|x86.ActiveCfg = Release|Win32
		{5F919EE1-0B5C-4FF9-8CED-C96E43F2EAE0}.Release|x86.Build.0 = Release|Win32
		{11434240-295F-4B2E-83E9-1FC8714F0512}.Debug|Any CPU.ActiveCfg = Debug|x86
		{11434240-295F-4B2E-83E9-1FC8714F0512}.Debug|ARM.ActiveCfg = Debug|ARM
		{11434240-295F-4B2E-83E9-1FC8714F0512}.Debug|ARM.Build.0 = Debug|ARM
		{11434240-295F-4B2E-83E9-1FC8714F0512}.Debug|ARM.Deploy.0 = Debug|ARM
		{11434240-295F-4B2E-83E9-1FC8714F0512}.Debug|ARM64.ActiveCfg = Debug|ARM64
		{11434240-295F-4B2E-83E9-1FC8714F0512}.Debug|ARM64.Build.0 = Debug|ARM64
		{11434240-295F-4B2E-83E9-1FC8714F0512}.Debug|ARM64.Deploy.0 = Debug|ARM64
		{11434240-295F-4B2E-83E9-1FC8714F0512}.Debug|x64.ActiveCfg = Debug|x64
		{11434240-295F-4B2E-83E9-1FC8714F0512}.Debug|x64.Build.0 = Debug|x64
		{11434240-295F-4B2E-83E9-1FC8714F0512}.Debug|x64.Deploy.0 = Debug|x64
		{11434240-295F-4B2E-83E9-1FC8714F0512}.Debug|x86.ActiveCfg = Debug|x86
		{11434240-295F-4B2E-83E9-1FC8714F0512}.Debug|x86.Build.0 = Debug|x86
		{11434240-295F-4B2E-83E9-1FC8714F0512}.Debug|x86.Deploy.0 = Debug|x86
		{11434240-295F-4B2E-83E9-1FC8714F0512}.Release|Any CPU.ActiveCfg = Release|x86
		{11434240-295F-4B2E-83E9-1FC8714F0512}.Release|ARM.ActiveCfg = Release|ARM
		{11434240-295F-4B2E-83E9-1FC8714F0512}.Release|ARM.Build.0 = Release|ARM
		{11434240-295F-4B2E-83E9-1FC8714F0512}.Release|ARM.Deploy.0 = Release|ARM
		{11434240-295F-4B2E-83E9-1FC8714F0512}.Release|ARM64.ActiveCfg = Release|ARM64
		{11434240-295F-4B2E-83E9-1FC8714F0512}.Release|ARM64.Build.0 = Release|ARM64
		{11434240-295F-4B2E-83E9-1FC8714F0512}.Release|ARM64.Deploy.0 = Release|ARM64
		{11434240-295F-4B2E-83E9-1FC8714F0512}.Release|x64.ActiveCfg = Release|x64
		{11434240-295F-4B2E-83E9-1FC8714F0512}.Release|x64.Build.0 = Release|x64
		{11434240-295F-4B2E-83E9-1FC8714F0512}.Release|x64.Deploy.0 = Release|x64
		{11434240-295F-4B2E-83E9-1FC8714F0512}.Release|x86.ActiveCfg = Release|x86
		{11434240-295F-4B2E-83E9-1FC8714F0512}.Release|x86.Build.0 = Release|x86
		{11434240-295F-4B2E-83E9-1FC8714F0512}.Release|x86.Deploy.0 = Release|x86
		{05A3ECFE-BADA-48EF-8944-D2180E7239D5}.Debug|Any CPU.ActiveCfg = Debug|x86
		{05A3ECFE-BADA-48EF-8944-D2180E7239D5}.Debug|ARM.ActiveCfg = Debug|ARM
		{05A3ECFE-BADA-48EF-8944-D2180E7239D5}.Debug|ARM.Build.0 = Debug|ARM
		{05A3ECFE-BADA-48EF-8944-D2180E7239D5}.Debug|ARM64.ActiveCfg = Debug|ARM64
		{05A3ECFE-BADA-48EF-8944-D2180E7239D5}.Debug|ARM64.Build.0 = Debug|ARM64
		{05A3ECFE-BADA-48EF-8944-D2180E7239D5}.Debug|x64.ActiveCfg = Debug|x64
		{05A3ECFE-BADA-48EF-8944-D2180E7239D5}.Debug|x64.Build.0 = Debug|x64
		{05A3ECFE-BADA-48EF-8944-D2180E7239D5}.Debug|x86.ActiveCfg = Debug|x86
		{05A3ECFE-BADA-48EF-8944-D2180E7239D5}.Debug|x86.Build.0 = Debug|x86
		{05A3ECFE-BADA-48EF-8944-D2180E7239D5}.Release|Any CPU.ActiveCfg = Release|x86
		{05A3ECFE-BADA-48EF-8944-D2180E7239D5}.Release|ARM.ActiveCfg = Release|ARM
		{05A3ECFE-BADA-48EF-8944-D2180E7239D5}.Release|ARM.Build.0 = Release|ARM
		{05A3ECFE-BADA-48EF-8944-D2180E7239D5}.Release|ARM64.ActiveCfg = Release|ARM64
		{05A3ECFE-BADA-48EF-8944-D2180E7239D5}.Release|ARM64.Build.0 = Release|ARM64
		{05A3ECFE-BADA-48EF-8944-D2180E7239D5}.Release|x64.ActiveCfg = Release|x64
		{05A3ECFE-BADA-48EF-8944-D2180E7239D5}.Release|x64.Build.0 = Release|x64
		{05A3ECFE-BADA-48EF-8944-D2180E7239D5}.Release|x86.ActiveCfg = Release|x86
		{05A3ECFE-BADA-48EF-8944-D2180E7239D5}.Release|x86.Build.0 = Release|x86
		{214CDCF0-7DC1-4E75-8E42-5D376DFE4A17}.Debug|Any CPU.ActiveCfg = Debug|x86
		{214CDCF0-7DC1-4E75-8E42-5D376DFE4A17}.Debug|ARM.ActiveCfg = Debug|ARM
		{214CDCF0-7DC1-4E75-8E42-5D376DFE4A17}.Debug|ARM.Build.0 = Debug|ARM
		{214CDCF0-7DC1-4E75-8E42-5D376DFE4A17}.Debug|ARM64.ActiveCfg = Debug|ARM64
		{214CDCF0-7DC1-4E75-8E42-5D376DFE4A17}.Debug|ARM64.Build.0 = Debug|ARM64
		{214CDCF0-7DC1-4E75-8E42-5D376DFE4A17}.Debug|x64.ActiveCfg = Debug|x64
		{214CDCF0-7DC1-4E75-8E42-5D376DFE4A17}.Debug|x64.Build.0 = Debug|x64
		{214CDCF0-7DC1-4E75-8E42-5D376DFE4A17}.Debug|x86.ActiveCfg = Debug|x86
		{214CDCF0-7DC1-4E75-8E42-5D376DFE4A17}.Debug|x86.Build.0 = Debug|x86
		{214CDCF0-7DC1-4E75-8E42-5D376DFE4A17}.Release|Any CPU.ActiveCfg = Release|x86
		{214CDCF0-7DC1-4E75-8E42-5D376DFE4A17}.Release|ARM.ActiveCfg = Release|ARM
		{214CDCF0-7DC1-4E75-8E42-5D376DFE4A17}.Release|ARM.Build.0 = Release|ARM
		{214CDCF0-7DC1-4E75-8E42-5D376DFE4A17}.Release|ARM64.ActiveCfg = Release|ARM64
		{214CDCF0-7DC1-4E75-8E42-5D376DFE4A17}.Release|ARM64.Build.0 = Release|ARM64
		{214CDCF0-7DC1-4E75-8E42-5D376DFE4A17}.Release|x64.ActiveCfg = Release|x64
		{214CDCF0-7DC1-4E75-8E42-5D376DFE4A17}.Release|x64.Build.0 = Release|x64
		{214CDCF0-7DC1-4E75-8E42-5D376DFE4A17}.Release|x86.ActiveCfg = Release|x86
		{214CDCF0-7DC1-4E75-8E42-5D376DFE4A17}.Release|x86.Build.0 = Release|x86
		{69A185EC-6024-46BA-AE97-9FFFC9E0D4B6}.Debug|Any CPU.ActiveCfg = Debug|Win32
		{69A185EC-6024-46BA-AE97-9FFFC9E0D4B6}.Debug|ARM.ActiveCfg = Debug|Win32
		{69A185EC-6024-46BA-AE97-9FFFC9E0D4B6}.Debug|ARM64.ActiveCfg = Debug|Win32
		{69A185EC-6024-46BA-AE97-9FFFC9E0D4B6}.Debug|x64.ActiveCfg = Debug|x64
		{69A185EC-6024-46BA-AE97-9FFFC9E0D4B6}.Debug|x64.Build.0 = Debug|x64
		{69A185EC-6024-46BA-AE97-9FFFC9E0D4B6}.Debug|x86.ActiveCfg = Debug|Win32
		{69A185EC-6024-46BA-AE97-9FFFC9E0D4B6}.Debug|x86.Build.0 = Debug|Win32
		{69A185EC-6024-46BA-AE97-9FFFC9E0D4B6}.Release|Any CPU.ActiveCfg = Release|Win32
		{69A185EC-6024-46BA-AE97-9FFFC9E0D4B6}.Release|ARM.ActiveCfg = Release|Win32
		{69A185EC-6024-46BA-AE97-9FFFC9E0D4B6}.Release|ARM64.ActiveCfg = Release|Win32
		{69A185EC-6024-46BA-AE97-9FFFC9E0D4B6}.Release|x64.ActiveCfg = Release|x64
		{69A185EC-6024-46BA-AE97-9FFFC9E0D4B6}.Release|x64.Build.0 = Release|x64
		{69A185EC-6024-46BA-AE97-9FFFC9E0D4B6}.Release|x86.ActiveCfg = Release|Win32
		{69A185EC-6024-46BA-AE97-9FFFC9E0D4B6}.Release|x86.Build.0 = Release|Win32
		{B01B0B84-405C-4985-9C55-C0F98CE69783}.Debug|Any CPU.ActiveCfg = Debug|Any CPU
		{B01B0B84-405C-4985-9C55-C0F98CE69783}.Debug|Any CPU.Build.0 = Debug|Any CPU
		{B01B0B84-405C-4985-9C55-C0F98CE69783}.Debug|ARM.ActiveCfg = Debug|Any CPU
		{B01B0B84-405C-4985-9C55-C0F98CE69783}.Debug|ARM.Build.0 = Debug|Any CPU
		{B01B0B84-405C-4985-9C55-C0F98CE69783}.Debug|ARM64.ActiveCfg = Debug|Any CPU
		{B01B0B84-405C-4985-9C55-C0F98CE69783}.Debug|ARM64.Build.0 = Debug|Any CPU
		{B01B0B84-405C-4985-9C55-C0F98CE69783}.Debug|x64.ActiveCfg = Debug|Any CPU
		{B01B0B84-405C-4985-9C55-C0F98CE69783}.Debug|x64.Build.0 = Debug|Any CPU
		{B01B0B84-405C-4985-9C55-C0F98CE69783}.Debug|x86.ActiveCfg = Debug|Any CPU
		{B01B0B84-405C-4985-9C55-C0F98CE69783}.Debug|x86.Build.0 = Debug|Any CPU
		{B01B0B84-405C-4985-9C55-C0F98CE69783}.Release|Any CPU.ActiveCfg = Release|Any CPU
		{B01B0B84-405C-4985-9C55-C0F98CE69783}.Release|Any CPU.Build.0 = Release|Any CPU
		{B01B0B84-405C-4985-9C55-C0F98CE69783}.Release|ARM.ActiveCfg = Release|Any CPU
		{B01B0B84-405C-4985-9C55-C0F98CE69783}.Release|ARM.Build.0 = Release|Any CPU
		{B01B0B84-405C-4985-9C55-C0F98CE69783}.Release|ARM64.ActiveCfg = Release|Any CPU
		{B01B0B84-405C-4985-9C55-C0F98CE69783}.Release|ARM64.Build.0 = Release|Any CPU
		{B01B0B84-405C-4985-9C55-C0F98CE69783}.Release|x64.ActiveCfg = Release|Any CPU
		{B01B0B84-405C-4985-9C55-C0F98CE69783}.Release|x64.Build.0 = Release|Any CPU
		{B01B0B84-405C-4985-9C55-C0F98CE69783}.Release|x86.ActiveCfg = Release|Any CPU
		{B01B0B84-405C-4985-9C55-C0F98CE69783}.Release|x86.Build.0 = Release|Any CPU
		{85161165-DE55-40CE-A00B-CFED20A005D9}.Debug|Any CPU.ActiveCfg = Debug|Any CPU
		{85161165-DE55-40CE-A00B-CFED20A005D9}.Debug|Any CPU.Build.0 = Debug|Any CPU
		{85161165-DE55-40CE-A00B-CFED20A005D9}.Debug|ARM.ActiveCfg = Debug|Any CPU
		{85161165-DE55-40CE-A00B-CFED20A005D9}.Debug|ARM.Build.0 = Debug|Any CPU
		{85161165-DE55-40CE-A00B-CFED20A005D9}.Debug|ARM64.ActiveCfg = Debug|Any CPU
		{85161165-DE55-40CE-A00B-CFED20A005D9}.Debug|ARM64.Build.0 = Debug|Any CPU
		{85161165-DE55-40CE-A00B-CFED20A005D9}.Debug|x64.ActiveCfg = Debug|Any CPU
		{85161165-DE55-40CE-A00B-CFED20A005D9}.Debug|x64.Build.0 = Debug|Any CPU
		{85161165-DE55-40CE-A00B-CFED20A005D9}.Debug|x86.ActiveCfg = Debug|Any CPU
		{85161165-DE55-40CE-A00B-CFED20A005D9}.Debug|x86.Build.0 = Debug|Any CPU
		{85161165-DE55-40CE-A00B-CFED20A005D9}.Release|Any CPU.ActiveCfg = Release|Any CPU
		{85161165-DE55-40CE-A00B-CFED20A005D9}.Release|Any CPU.Build.0 = Release|Any CPU
		{85161165-DE55-40CE-A00B-CFED20A005D9}.Release|ARM.ActiveCfg = Release|Any CPU
		{85161165-DE55-40CE-A00B-CFED20A005D9}.Release|ARM.Build.0 = Release|Any CPU
		{85161165-DE55-40CE-A00B-CFED20A005D9}.Release|ARM64.ActiveCfg = Release|Any CPU
		{85161165-DE55-40CE-A00B-CFED20A005D9}.Release|ARM64.Build.0 = Release|Any CPU
		{85161165-DE55-40CE-A00B-CFED20A005D9}.Release|x64.ActiveCfg = Release|Any CPU
		{85161165-DE55-40CE-A00B-CFED20A005D9}.Release|x64.Build.0 = Release|Any CPU
		{85161165-DE55-40CE-A00B-CFED20A005D9}.Release|x86.ActiveCfg = Release|Any CPU
		{85161165-DE55-40CE-A00B-CFED20A005D9}.Release|x86.Build.0 = Release|Any CPU
	EndGlobalSection
	GlobalSection(SolutionProperties) = preSolution
		HideSolutionNode = FALSE
	EndGlobalSection
	GlobalSection(NestedProjects) = preSolution
		{66818BE5-780B-4FDE-9860-9D07242788EF} = {F06FF0C0-0F8C-4FB9-B18F-5DE7AA4A5A2F}
		{5F919EE1-0B5C-4FF9-8CED-C96E43F2EAE0} = {7EEC7A9E-5D3F-40E5-BF51-8938B63A7B42}
		{8B00EA48-F62B-4F74-AE0E-A20450A8C578} = {7EEC7A9E-5D3F-40E5-BF51-8938B63A7B42}
		{11434240-295F-4B2E-83E9-1FC8714F0512} = {8B00EA48-F62B-4F74-AE0E-A20450A8C578}
		{05A3ECFE-BADA-48EF-8944-D2180E7239D5} = {8B00EA48-F62B-4F74-AE0E-A20450A8C578}
		{214CDCF0-7DC1-4E75-8E42-5D376DFE4A17} = {F06FF0C0-0F8C-4FB9-B18F-5DE7AA4A5A2F}
		{69A185EC-6024-46BA-AE97-9FFFC9E0D4B6} = {F06FF0C0-0F8C-4FB9-B18F-5DE7AA4A5A2F}
		{B01B0B84-405C-4985-9C55-C0F98CE69783} = {F06FF0C0-0F8C-4FB9-B18F-5DE7AA4A5A2F}
		{85161165-DE55-40CE-A00B-CFED20A005D9} = {7EEC7A9E-5D3F-40E5-BF51-8938B63A7B42}
	EndGlobalSection
	GlobalSection(ExtensibilityGlobals) = postSolution
		SolutionGuid = {C9ECEA8E-8656-44A9-8464-0E4C20B44562}
	EndGlobalSection
EndGlobal
