
Microsoft Visual Studio Solution File, Format Version 12.00
# Visual Studio 15
VisualStudioVersion = 15.0.27004.2006
MinimumVisualStudioVersion = 10.0.40219.1
Project("{8BC9CEB8-8B4A-11D0-8D11-00A0C91BC942}") = "DemoTools", "DemoTools\DemoTools.vcxitems", "{1EEC14EC-DCD4-4A28-B563-73A5E2D23FF7}"
EndProject
Project("{2150E333-8FDC-42A3-9474-1A3956D46DE8}") = "Libraries", "Libraries", "{F06FF0C0-0F8C-4FB9-B18F-5DE7AA4A5A2F}"
EndProject
Project("{2150E333-8FDC-42A3-9474-1A3956D46DE8}") = "Tests", "Tests", "{7EEC7A9E-5D3F-40E5-BF51-8938B63A7B42}"
EndProject
Project("{8BC9CEB8-8B4A-11D0-8D11-00A0C91BC942}") = "DemoTools.Windows.Native", "DemoTools.Windows.Native\DemoTools.Windows.Native.vcxproj", "{66818BE5-780B-4FDE-9860-9D07242788EF}"
EndProject
Project("{8BC9CEB8-8B4A-11D0-8D11-00A0C91BC942}") = "NativeWindowsApp", "NativeWindowsApp\NativeWindowsApp.vcxproj", "{5F919EE1-0B5C-4FF9-8CED-C96E43F2EAE0}"
EndProject
Project("{2150E333-8FDC-42A3-9474-1A3956D46DE8}") = "NativeAndroidApp", "NativeAndroidApp", "{8B00EA48-F62B-4F74-AE0E-A20450A8C578}"
EndProject
Project("{39E2626F-3545-4960-A6E8-258AD8476CE5}") = "NativeAndroidApp.Packaging", "NativeAndroidApp\NativeAndroidApp.Packaging\NativeAndroidApp.Packaging.androidproj", "{11434240-295F-4B2E-83E9-1FC8714F0512}"
EndProject
Project("{8BC9CEB8-8B4A-11D0-8D11-00A0C91BC942}") = "NativeAndroidApp.NativeActivity", "NativeAndroidApp\NativeAndroidApp.NativeActivity\NativeAndroidApp.NativeActivity.vcxproj", "{05A3ECFE-BADA-48EF-8944-D2180E7239D5}"
EndProject
Project("{8BC9CEB8-8B4A-11D0-8D11-00A0C91BC942}") = "DemoTools.Android.Native", "DemoTools.Android.Native\DemoTools.Android.Native.vcxproj", "{214CDCF0-7DC1-4E75-8E42-5D376DFE4A17}"
EndProject
Project("{8BC9CEB8-8B4A-11D0-8D11-00A0C91BC942}") = "Generate.NET", "Generate.NET\Generate.NET.vcxproj", "{69A185EC-6024-46BA-AE97-9FFFC9E0D4B6}"
EndProject
Project("{D954291E-2A0B-460D-934E-DC6B0785DB48}") = "NetDemoTools", "NetDemoTools\NetDemoTools.shproj", "{406EDC64-2AC0-46B8-A608-944A30552EA7}"
EndProject
Project("{9A19103F-16F7-4668-BE54-9A1E7A4F7556}") = "DemoTools.NET.Framework", "DemoTools.NET.Framework\DemoTools.NET.Framework.csproj", "{B01B0B84-405C-4985-9C55-C0F98CE69783}"
	ProjectSection(ProjectDependencies) = postProject
		{69A185EC-6024-46BA-AE97-9FFFC9E0D4B6} = {69A185EC-6024-46BA-AE97-9FFFC9E0D4B6}
	EndProjectSection
EndProject
Project("{FAE04EC0-301F-11D3-BF4B-00C04F79EFBC}") = "WpfApp", "WpfApp\WpfApp.csproj", "{85161165-DE55-40CE-A00B-CFED20A005D9}"
EndProject
Project("{FAE04EC0-301F-11D3-BF4B-00C04F79EFBC}") = "DemoTools.NET.Universal", "DemoTools.NET.Universal\DemoTools.NET.Universal.csproj", "{40D046E5-F82A-4FFC-8154-0196030B8784}"
EndProject
Project("{FAE04EC0-301F-11D3-BF4B-00C04F79EFBC}") = "UwpApp", "UwpApp\UwpApp.csproj", "{E045A959-9607-4872-804A-F344C9EF5C91}"
EndProject
Project("{FAE04EC0-301F-11D3-BF4B-00C04F79EFBC}") = "DemoTools.NET.Android", "DemoTools.NET.Android\DemoTools.NET.Android.csproj", "{7AD20FF1-20C2-48D2-9B73-790393BA8D6E}"
	ProjectSection(ProjectDependencies) = postProject
		{214CDCF0-7DC1-4E75-8E42-5D376DFE4A17} = {214CDCF0-7DC1-4E75-8E42-5D376DFE4A17}
	EndProjectSection
EndProject
Project("{FAE04EC0-301F-11D3-BF4B-00C04F79EFBC}") = "NetAndroidApp", "NetAndroidApp\NetAndroidApp.csproj", "{A4577624-6891-475E-BC62-11189D8CDF38}"
EndProject
Project("{FAE04EC0-301F-11D3-BF4B-00C04F79EFBC}") = "DemoTools.NET.PCL", "DemoTools.NET.PCL\DemoTools.NET.PCL.csproj", "{7E9175BB-807E-4855-833D-AF5AEED133B9}"
EndProject
Project("{D954291E-2A0B-460D-934E-DC6B0785DB48}") = "PCLDemoTools", "PCLDemoTools\PCLDemoTools.shproj", "{A87A86F7-69BA-4F79-9175-B8FEA30AC872}"
EndProject
Project("{FAE04EC0-301F-11D3-BF4B-00C04F79EFBC}") = "XamarinApp.Android", "XamarinApp\XamarinApp.Android\XamarinApp.Android.csproj", "{49E231F2-0B4B-425C-8324-AE26A510BD0B}"
EndProject
Project("{FAE04EC0-301F-11D3-BF4B-00C04F79EFBC}") = "XamarinApp", "XamarinApp\XamarinApp\XamarinApp.csproj", "{3B277B07-8FC9-4DE5-9861-3B53D5DCC32B}"
EndProject
Project("{FAE04EC0-301F-11D3-BF4B-00C04F79EFBC}") = "XamarinApp.UWP", "XamarinApp\XamarinApp.UWP\XamarinApp.UWP.csproj", "{0B73031C-0121-49BE-B0DF-3D4067596B6E}"
EndProject
Project("{FAE04EC0-301F-11D3-BF4B-00C04F79EFBC}") = "XamarinApp.iOS", "XamarinApp\XamarinApp.iOS\XamarinApp.iOS.csproj", "{8B8BAC27-33AA-4394-ACCD-3952E4AE47C6}"
EndProject
Global
	GlobalSection(SharedMSBuildProjectFiles) = preSolution
		DemoTools\DemoTools.vcxitems*{1eec14ec-dcd4-4a28-b563-73a5e2d23ff7}*SharedItemsImports = 9
		DemoTools\DemoTools.vcxitems*{214cdcf0-7dc1-4e75-8e42-5d376dfe4a17}*SharedItemsImports = 4
		NetDemoTools\NetDemoTools.projitems*{406edc64-2ac0-46b8-a608-944a30552ea7}*SharedItemsImports = 13
		NetDemoTools\NetDemoTools.projitems*{40d046e5-f82a-4ffc-8154-0196030b8784}*SharedItemsImports = 4
		DemoTools\DemoTools.vcxitems*{66818be5-780b-4fde-9860-9d07242788ef}*SharedItemsImports = 4
		NetDemoTools\NetDemoTools.projitems*{7ad20ff1-20c2-48d2-9b73-790393ba8d6e}*SharedItemsImports = 4
		PCLDemoTools\PCLDemoTools.projitems*{7ad20ff1-20c2-48d2-9b73-790393ba8d6e}*SharedItemsImports = 4
		PCLDemoTools\PCLDemoTools.projitems*{a87a86f7-69ba-4f79-9175-b8fea30ac872}*SharedItemsImports = 13
	EndGlobalSection
	GlobalSection(SolutionConfigurationPlatforms) = preSolution
		Ad-Hoc|Any CPU = Ad-Hoc|Any CPU
		Ad-Hoc|ARM = Ad-Hoc|ARM
		Ad-Hoc|ARM64 = Ad-Hoc|ARM64
		Ad-Hoc|iPhone = Ad-Hoc|iPhone
		Ad-Hoc|iPhoneSimulator = Ad-Hoc|iPhoneSimulator
		Ad-Hoc|x64 = Ad-Hoc|x64
		Ad-Hoc|x86 = Ad-Hoc|x86
		AppStore|Any CPU = AppStore|Any CPU
		AppStore|ARM = AppStore|ARM
		AppStore|ARM64 = AppStore|ARM64
		AppStore|iPhone = AppStore|iPhone
		AppStore|iPhoneSimulator = AppStore|iPhoneSimulator
		AppStore|x64 = AppStore|x64
		AppStore|x86 = AppStore|x86
		Debug|Any CPU = Debug|Any CPU
		Debug|ARM = Debug|ARM
		Debug|ARM64 = Debug|ARM64
		Debug|iPhone = Debug|iPhone
		Debug|iPhoneSimulator = Debug|iPhoneSimulator
		Debug|x64 = Debug|x64
		Debug|x86 = Debug|x86
		Release|Any CPU = Release|Any CPU
		Release|ARM = Release|ARM
		Release|ARM64 = Release|ARM64
		Release|iPhone = Release|iPhone
		Release|iPhoneSimulator = Release|iPhoneSimulator
		Release|x64 = Release|x64
		Release|x86 = Release|x86
	EndGlobalSection
	GlobalSection(ProjectConfigurationPlatforms) = postSolution
		{66818BE5-780B-4FDE-9860-9D07242788EF}.Ad-Hoc|Any CPU.ActiveCfg = Release|x64
		{66818BE5-780B-4FDE-9860-9D07242788EF}.Ad-Hoc|Any CPU.Build.0 = Release|x64
		{66818BE5-780B-4FDE-9860-9D07242788EF}.Ad-Hoc|ARM.ActiveCfg = Release|x64
		{66818BE5-780B-4FDE-9860-9D07242788EF}.Ad-Hoc|ARM.Build.0 = Release|x64
		{66818BE5-780B-4FDE-9860-9D07242788EF}.Ad-Hoc|ARM64.ActiveCfg = Release|x64
		{66818BE5-780B-4FDE-9860-9D07242788EF}.Ad-Hoc|ARM64.Build.0 = Release|x64
		{66818BE5-780B-4FDE-9860-9D07242788EF}.Ad-Hoc|iPhone.ActiveCfg = Release|x64
		{66818BE5-780B-4FDE-9860-9D07242788EF}.Ad-Hoc|iPhone.Build.0 = Release|x64
		{66818BE5-780B-4FDE-9860-9D07242788EF}.Ad-Hoc|iPhoneSimulator.ActiveCfg = Release|x64
		{66818BE5-780B-4FDE-9860-9D07242788EF}.Ad-Hoc|iPhoneSimulator.Build.0 = Release|x64
		{66818BE5-780B-4FDE-9860-9D07242788EF}.Ad-Hoc|x64.ActiveCfg = Release|x64
		{66818BE5-780B-4FDE-9860-9D07242788EF}.Ad-Hoc|x64.Build.0 = Release|x64
		{66818BE5-780B-4FDE-9860-9D07242788EF}.Ad-Hoc|x86.ActiveCfg = Release|Win32
		{66818BE5-780B-4FDE-9860-9D07242788EF}.Ad-Hoc|x86.Build.0 = Release|Win32
		{66818BE5-780B-4FDE-9860-9D07242788EF}.AppStore|Any CPU.ActiveCfg = Release|x64
		{66818BE5-780B-4FDE-9860-9D07242788EF}.AppStore|Any CPU.Build.0 = Release|x64
		{66818BE5-780B-4FDE-9860-9D07242788EF}.AppStore|ARM.ActiveCfg = Release|x64
		{66818BE5-780B-4FDE-9860-9D07242788EF}.AppStore|ARM.Build.0 = Release|x64
		{66818BE5-780B-4FDE-9860-9D07242788EF}.AppStore|ARM64.ActiveCfg = Release|x64
		{66818BE5-780B-4FDE-9860-9D07242788EF}.AppStore|ARM64.Build.0 = Release|x64
		{66818BE5-780B-4FDE-9860-9D07242788EF}.AppStore|iPhone.ActiveCfg = Release|x64
		{66818BE5-780B-4FDE-9860-9D07242788EF}.AppStore|iPhone.Build.0 = Release|x64
		{66818BE5-780B-4FDE-9860-9D07242788EF}.AppStore|iPhoneSimulator.ActiveCfg = Release|x64
		{66818BE5-780B-4FDE-9860-9D07242788EF}.AppStore|iPhoneSimulator.Build.0 = Release|x64
		{66818BE5-780B-4FDE-9860-9D07242788EF}.AppStore|x64.ActiveCfg = Release|x64
		{66818BE5-780B-4FDE-9860-9D07242788EF}.AppStore|x64.Build.0 = Release|x64
		{66818BE5-780B-4FDE-9860-9D07242788EF}.AppStore|x86.ActiveCfg = Release|Win32
		{66818BE5-780B-4FDE-9860-9D07242788EF}.AppStore|x86.Build.0 = Release|Win32
		{66818BE5-780B-4FDE-9860-9D07242788EF}.Debug|Any CPU.ActiveCfg = Debug|Win32
		{66818BE5-780B-4FDE-9860-9D07242788EF}.Debug|ARM.ActiveCfg = Debug|Win32
		{66818BE5-780B-4FDE-9860-9D07242788EF}.Debug|ARM64.ActiveCfg = Debug|Win32
		{66818BE5-780B-4FDE-9860-9D07242788EF}.Debug|iPhone.ActiveCfg = Debug|Win32
		{66818BE5-780B-4FDE-9860-9D07242788EF}.Debug|iPhoneSimulator.ActiveCfg = Debug|Win32
		{66818BE5-780B-4FDE-9860-9D07242788EF}.Debug|x64.ActiveCfg = Debug|x64
		{66818BE5-780B-4FDE-9860-9D07242788EF}.Debug|x64.Build.0 = Debug|x64
		{66818BE5-780B-4FDE-9860-9D07242788EF}.Debug|x86.ActiveCfg = Debug|Win32
		{66818BE5-780B-4FDE-9860-9D07242788EF}.Debug|x86.Build.0 = Debug|Win32
		{66818BE5-780B-4FDE-9860-9D07242788EF}.Release|Any CPU.ActiveCfg = Release|Win32
		{66818BE5-780B-4FDE-9860-9D07242788EF}.Release|ARM.ActiveCfg = Release|Win32
		{66818BE5-780B-4FDE-9860-9D07242788EF}.Release|ARM64.ActiveCfg = Release|Win32
		{66818BE5-780B-4FDE-9860-9D07242788EF}.Release|iPhone.ActiveCfg = Release|Win32
		{66818BE5-780B-4FDE-9860-9D07242788EF}.Release|iPhoneSimulator.ActiveCfg = Release|Win32
		{66818BE5-780B-4FDE-9860-9D07242788EF}.Release|x64.ActiveCfg = Release|x64
		{66818BE5-780B-4FDE-9860-9D07242788EF}.Release|x64.Build.0 = Release|x64
		{66818BE5-780B-4FDE-9860-9D07242788EF}.Release|x86.ActiveCfg = Release|Win32
		{66818BE5-780B-4FDE-9860-9D07242788EF}.Release|x86.Build.0 = Release|Win32
		{5F919EE1-0B5C-4FF9-8CED-C96E43F2EAE0}.Ad-Hoc|Any CPU.ActiveCfg = Release|x64
		{5F919EE1-0B5C-4FF9-8CED-C96E43F2EAE0}.Ad-Hoc|Any CPU.Build.0 = Release|x64
		{5F919EE1-0B5C-4FF9-8CED-C96E43F2EAE0}.Ad-Hoc|Any CPU.Deploy.0 = Release|x64
		{5F919EE1-0B5C-4FF9-8CED-C96E43F2EAE0}.Ad-Hoc|ARM.ActiveCfg = Release|x64
		{5F919EE1-0B5C-4FF9-8CED-C96E43F2EAE0}.Ad-Hoc|ARM.Build.0 = Release|x64
		{5F919EE1-0B5C-4FF9-8CED-C96E43F2EAE0}.Ad-Hoc|ARM.Deploy.0 = Release|x64
		{5F919EE1-0B5C-4FF9-8CED-C96E43F2EAE0}.Ad-Hoc|ARM64.ActiveCfg = Release|x64
		{5F919EE1-0B5C-4FF9-8CED-C96E43F2EAE0}.Ad-Hoc|ARM64.Build.0 = Release|x64
		{5F919EE1-0B5C-4FF9-8CED-C96E43F2EAE0}.Ad-Hoc|ARM64.Deploy.0 = Release|x64
		{5F919EE1-0B5C-4FF9-8CED-C96E43F2EAE0}.Ad-Hoc|iPhone.ActiveCfg = Release|x64
		{5F919EE1-0B5C-4FF9-8CED-C96E43F2EAE0}.Ad-Hoc|iPhone.Build.0 = Release|x64
		{5F919EE1-0B5C-4FF9-8CED-C96E43F2EAE0}.Ad-Hoc|iPhone.Deploy.0 = Release|x64
		{5F919EE1-0B5C-4FF9-8CED-C96E43F2EAE0}.Ad-Hoc|iPhoneSimulator.ActiveCfg = Release|x64
		{5F919EE1-0B5C-4FF9-8CED-C96E43F2EAE0}.Ad-Hoc|iPhoneSimulator.Build.0 = Release|x64
		{5F919EE1-0B5C-4FF9-8CED-C96E43F2EAE0}.Ad-Hoc|iPhoneSimulator.Deploy.0 = Release|x64
		{5F919EE1-0B5C-4FF9-8CED-C96E43F2EAE0}.Ad-Hoc|x64.ActiveCfg = Release|x64
		{5F919EE1-0B5C-4FF9-8CED-C96E43F2EAE0}.Ad-Hoc|x64.Build.0 = Release|x64
		{5F919EE1-0B5C-4FF9-8CED-C96E43F2EAE0}.Ad-Hoc|x64.Deploy.0 = Release|x64
		{5F919EE1-0B5C-4FF9-8CED-C96E43F2EAE0}.Ad-Hoc|x86.ActiveCfg = Release|Win32
		{5F919EE1-0B5C-4FF9-8CED-C96E43F2EAE0}.Ad-Hoc|x86.Build.0 = Release|Win32
		{5F919EE1-0B5C-4FF9-8CED-C96E43F2EAE0}.Ad-Hoc|x86.Deploy.0 = Release|Win32
		{5F919EE1-0B5C-4FF9-8CED-C96E43F2EAE0}.AppStore|Any CPU.ActiveCfg = Release|x64
		{5F919EE1-0B5C-4FF9-8CED-C96E43F2EAE0}.AppStore|Any CPU.Build.0 = Release|x64
		{5F919EE1-0B5C-4FF9-8CED-C96E43F2EAE0}.AppStore|Any CPU.Deploy.0 = Release|x64
		{5F919EE1-0B5C-4FF9-8CED-C96E43F2EAE0}.AppStore|ARM.ActiveCfg = Release|x64
		{5F919EE1-0B5C-4FF9-8CED-C96E43F2EAE0}.AppStore|ARM.Build.0 = Release|x64
		{5F919EE1-0B5C-4FF9-8CED-C96E43F2EAE0}.AppStore|ARM.Deploy.0 = Release|x64
		{5F919EE1-0B5C-4FF9-8CED-C96E43F2EAE0}.AppStore|ARM64.ActiveCfg = Release|x64
		{5F919EE1-0B5C-4FF9-8CED-C96E43F2EAE0}.AppStore|ARM64.Build.0 = Release|x64
		{5F919EE1-0B5C-4FF9-8CED-C96E43F2EAE0}.AppStore|ARM64.Deploy.0 = Release|x64
		{5F919EE1-0B5C-4FF9-8CED-C96E43F2EAE0}.AppStore|iPhone.ActiveCfg = Release|x64
		{5F919EE1-0B5C-4FF9-8CED-C96E43F2EAE0}.AppStore|iPhone.Build.0 = Release|x64
		{5F919EE1-0B5C-4FF9-8CED-C96E43F2EAE0}.AppStore|iPhone.Deploy.0 = Release|x64
		{5F919EE1-0B5C-4FF9-8CED-C96E43F2EAE0}.AppStore|iPhoneSimulator.ActiveCfg = Release|x64
		{5F919EE1-0B5C-4FF9-8CED-C96E43F2EAE0}.AppStore|iPhoneSimulator.Build.0 = Release|x64
		{5F919EE1-0B5C-4FF9-8CED-C96E43F2EAE0}.AppStore|iPhoneSimulator.Deploy.0 = Release|x64
		{5F919EE1-0B5C-4FF9-8CED-C96E43F2EAE0}.AppStore|x64.ActiveCfg = Release|x64
		{5F919EE1-0B5C-4FF9-8CED-C96E43F2EAE0}.AppStore|x64.Build.0 = Release|x64
		{5F919EE1-0B5C-4FF9-8CED-C96E43F2EAE0}.AppStore|x64.Deploy.0 = Release|x64
		{5F919EE1-0B5C-4FF9-8CED-C96E43F2EAE0}.AppStore|x86.ActiveCfg = Release|Win32
		{5F919EE1-0B5C-4FF9-8CED-C96E43F2EAE0}.AppStore|x86.Build.0 = Release|Win32
		{5F919EE1-0B5C-4FF9-8CED-C96E43F2EAE0}.AppStore|x86.Deploy.0 = Release|Win32
		{5F919EE1-0B5C-4FF9-8CED-C96E43F2EAE0}.Debug|Any CPU.ActiveCfg = Debug|Win32
		{5F919EE1-0B5C-4FF9-8CED-C96E43F2EAE0}.Debug|ARM.ActiveCfg = Debug|Win32
		{5F919EE1-0B5C-4FF9-8CED-C96E43F2EAE0}.Debug|ARM64.ActiveCfg = Debug|Win32
		{5F919EE1-0B5C-4FF9-8CED-C96E43F2EAE0}.Debug|iPhone.ActiveCfg = Debug|Win32
		{5F919EE1-0B5C-4FF9-8CED-C96E43F2EAE0}.Debug|iPhoneSimulator.ActiveCfg = Debug|Win32
		{5F919EE1-0B5C-4FF9-8CED-C96E43F2EAE0}.Debug|x64.ActiveCfg = Debug|x64
		{5F919EE1-0B5C-4FF9-8CED-C96E43F2EAE0}.Debug|x64.Build.0 = Debug|x64
		{5F919EE1-0B5C-4FF9-8CED-C96E43F2EAE0}.Debug|x86.ActiveCfg = Debug|Win32
		{5F919EE1-0B5C-4FF9-8CED-C96E43F2EAE0}.Debug|x86.Build.0 = Debug|Win32
		{5F919EE1-0B5C-4FF9-8CED-C96E43F2EAE0}.Release|Any CPU.ActiveCfg = Release|Win32
		{5F919EE1-0B5C-4FF9-8CED-C96E43F2EAE0}.Release|ARM.ActiveCfg = Release|Win32
		{5F919EE1-0B5C-4FF9-8CED-C96E43F2EAE0}.Release|ARM64.ActiveCfg = Release|Win32
		{5F919EE1-0B5C-4FF9-8CED-C96E43F2EAE0}.Release|iPhone.ActiveCfg = Release|Win32
		{5F919EE1-0B5C-4FF9-8CED-C96E43F2EAE0}.Release|iPhoneSimulator.ActiveCfg = Release|Win32
		{5F919EE1-0B5C-4FF9-8CED-C96E43F2EAE0}.Release|x64.ActiveCfg = Release|x64
		{5F919EE1-0B5C-4FF9-8CED-C96E43F2EAE0}.Release|x64.Build.0 = Release|x64
		{5F919EE1-0B5C-4FF9-8CED-C96E43F2EAE0}.Release|x86.ActiveCfg = Release|Win32
		{5F919EE1-0B5C-4FF9-8CED-C96E43F2EAE0}.Release|x86.Build.0 = Release|Win32
		{11434240-295F-4B2E-83E9-1FC8714F0512}.Ad-Hoc|Any CPU.ActiveCfg = Release|x64
		{11434240-295F-4B2E-83E9-1FC8714F0512}.Ad-Hoc|Any CPU.Build.0 = Release|x64
		{11434240-295F-4B2E-83E9-1FC8714F0512}.Ad-Hoc|Any CPU.Deploy.0 = Release|x64
		{11434240-295F-4B2E-83E9-1FC8714F0512}.Ad-Hoc|ARM.ActiveCfg = Release|ARM
		{11434240-295F-4B2E-83E9-1FC8714F0512}.Ad-Hoc|ARM.Build.0 = Release|ARM
		{11434240-295F-4B2E-83E9-1FC8714F0512}.Ad-Hoc|ARM.Deploy.0 = Release|ARM
		{11434240-295F-4B2E-83E9-1FC8714F0512}.Ad-Hoc|ARM64.ActiveCfg = Release|ARM64
		{11434240-295F-4B2E-83E9-1FC8714F0512}.Ad-Hoc|ARM64.Build.0 = Release|ARM64
		{11434240-295F-4B2E-83E9-1FC8714F0512}.Ad-Hoc|ARM64.Deploy.0 = Release|ARM64
		{11434240-295F-4B2E-83E9-1FC8714F0512}.Ad-Hoc|iPhone.ActiveCfg = Release|x64
		{11434240-295F-4B2E-83E9-1FC8714F0512}.Ad-Hoc|iPhone.Build.0 = Release|x64
		{11434240-295F-4B2E-83E9-1FC8714F0512}.Ad-Hoc|iPhone.Deploy.0 = Release|x64
		{11434240-295F-4B2E-83E9-1FC8714F0512}.Ad-Hoc|iPhoneSimulator.ActiveCfg = Release|x64
		{11434240-295F-4B2E-83E9-1FC8714F0512}.Ad-Hoc|iPhoneSimulator.Build.0 = Release|x64
		{11434240-295F-4B2E-83E9-1FC8714F0512}.Ad-Hoc|iPhoneSimulator.Deploy.0 = Release|x64
		{11434240-295F-4B2E-83E9-1FC8714F0512}.Ad-Hoc|x64.ActiveCfg = Release|x64
		{11434240-295F-4B2E-83E9-1FC8714F0512}.Ad-Hoc|x64.Build.0 = Release|x64
		{11434240-295F-4B2E-83E9-1FC8714F0512}.Ad-Hoc|x64.Deploy.0 = Release|x64
		{11434240-295F-4B2E-83E9-1FC8714F0512}.Ad-Hoc|x86.ActiveCfg = Release|x86
		{11434240-295F-4B2E-83E9-1FC8714F0512}.Ad-Hoc|x86.Build.0 = Release|x86
		{11434240-295F-4B2E-83E9-1FC8714F0512}.Ad-Hoc|x86.Deploy.0 = Release|x86
		{11434240-295F-4B2E-83E9-1FC8714F0512}.AppStore|Any CPU.ActiveCfg = Release|x64
		{11434240-295F-4B2E-83E9-1FC8714F0512}.AppStore|Any CPU.Build.0 = Release|x64
		{11434240-295F-4B2E-83E9-1FC8714F0512}.AppStore|Any CPU.Deploy.0 = Release|x64
		{11434240-295F-4B2E-83E9-1FC8714F0512}.AppStore|ARM.ActiveCfg = Release|ARM
		{11434240-295F-4B2E-83E9-1FC8714F0512}.AppStore|ARM.Build.0 = Release|ARM
		{11434240-295F-4B2E-83E9-1FC8714F0512}.AppStore|ARM.Deploy.0 = Release|ARM
		{11434240-295F-4B2E-83E9-1FC8714F0512}.AppStore|ARM64.ActiveCfg = Release|ARM64
		{11434240-295F-4B2E-83E9-1FC8714F0512}.AppStore|ARM64.Build.0 = Release|ARM64
		{11434240-295F-4B2E-83E9-1FC8714F0512}.AppStore|ARM64.Deploy.0 = Release|ARM64
		{11434240-295F-4B2E-83E9-1FC8714F0512}.AppStore|iPhone.ActiveCfg = Release|x64
		{11434240-295F-4B2E-83E9-1FC8714F0512}.AppStore|iPhone.Build.0 = Release|x64
		{11434240-295F-4B2E-83E9-1FC8714F0512}.AppStore|iPhone.Deploy.0 = Release|x64
		{11434240-295F-4B2E-83E9-1FC8714F0512}.AppStore|iPhoneSimulator.ActiveCfg = Release|x64
		{11434240-295F-4B2E-83E9-1FC8714F0512}.AppStore|iPhoneSimulator.Build.0 = Release|x64
		{11434240-295F-4B2E-83E9-1FC8714F0512}.AppStore|iPhoneSimulator.Deploy.0 = Release|x64
		{11434240-295F-4B2E-83E9-1FC8714F0512}.AppStore|x64.ActiveCfg = Release|x64
		{11434240-295F-4B2E-83E9-1FC8714F0512}.AppStore|x64.Build.0 = Release|x64
		{11434240-295F-4B2E-83E9-1FC8714F0512}.AppStore|x64.Deploy.0 = Release|x64
		{11434240-295F-4B2E-83E9-1FC8714F0512}.AppStore|x86.ActiveCfg = Release|x86
		{11434240-295F-4B2E-83E9-1FC8714F0512}.AppStore|x86.Build.0 = Release|x86
		{11434240-295F-4B2E-83E9-1FC8714F0512}.AppStore|x86.Deploy.0 = Release|x86
		{11434240-295F-4B2E-83E9-1FC8714F0512}.Debug|Any CPU.ActiveCfg = Debug|x86
		{11434240-295F-4B2E-83E9-1FC8714F0512}.Debug|ARM.ActiveCfg = Debug|ARM
		{11434240-295F-4B2E-83E9-1FC8714F0512}.Debug|ARM.Build.0 = Debug|ARM
		{11434240-295F-4B2E-83E9-1FC8714F0512}.Debug|ARM.Deploy.0 = Debug|ARM
		{11434240-295F-4B2E-83E9-1FC8714F0512}.Debug|ARM64.ActiveCfg = Debug|ARM64
		{11434240-295F-4B2E-83E9-1FC8714F0512}.Debug|ARM64.Build.0 = Debug|ARM64
		{11434240-295F-4B2E-83E9-1FC8714F0512}.Debug|ARM64.Deploy.0 = Debug|ARM64
		{11434240-295F-4B2E-83E9-1FC8714F0512}.Debug|iPhone.ActiveCfg = Debug|x86
		{11434240-295F-4B2E-83E9-1FC8714F0512}.Debug|iPhoneSimulator.ActiveCfg = Debug|x86
		{11434240-295F-4B2E-83E9-1FC8714F0512}.Debug|x64.ActiveCfg = Debug|x64
		{11434240-295F-4B2E-83E9-1FC8714F0512}.Debug|x64.Build.0 = Debug|x64
		{11434240-295F-4B2E-83E9-1FC8714F0512}.Debug|x64.Deploy.0 = Debug|x64
		{11434240-295F-4B2E-83E9-1FC8714F0512}.Debug|x86.ActiveCfg = Debug|x86
		{11434240-295F-4B2E-83E9-1FC8714F0512}.Debug|x86.Build.0 = Debug|x86
		{11434240-295F-4B2E-83E9-1FC8714F0512}.Debug|x86.Deploy.0 = Debug|x86
		{11434240-295F-4B2E-83E9-1FC8714F0512}.Release|Any CPU.ActiveCfg = Release|x86
		{11434240-295F-4B2E-83E9-1FC8714F0512}.Release|ARM.ActiveCfg = Release|ARM
		{11434240-295F-4B2E-83E9-1FC8714F0512}.Release|ARM.Build.0 = Release|ARM
		{11434240-295F-4B2E-83E9-1FC8714F0512}.Release|ARM.Deploy.0 = Release|ARM
		{11434240-295F-4B2E-83E9-1FC8714F0512}.Release|ARM64.ActiveCfg = Release|ARM64
		{11434240-295F-4B2E-83E9-1FC8714F0512}.Release|ARM64.Build.0 = Release|ARM64
		{11434240-295F-4B2E-83E9-1FC8714F0512}.Release|ARM64.Deploy.0 = Release|ARM64
		{11434240-295F-4B2E-83E9-1FC8714F0512}.Release|iPhone.ActiveCfg = Release|x86
		{11434240-295F-4B2E-83E9-1FC8714F0512}.Release|iPhoneSimulator.ActiveCfg = Release|x86
		{11434240-295F-4B2E-83E9-1FC8714F0512}.Release|x64.ActiveCfg = Release|x64
		{11434240-295F-4B2E-83E9-1FC8714F0512}.Release|x64.Build.0 = Release|x64
		{11434240-295F-4B2E-83E9-1FC8714F0512}.Release|x64.Deploy.0 = Release|x64
		{11434240-295F-4B2E-83E9-1FC8714F0512}.Release|x86.ActiveCfg = Release|x86
		{11434240-295F-4B2E-83E9-1FC8714F0512}.Release|x86.Build.0 = Release|x86
		{11434240-295F-4B2E-83E9-1FC8714F0512}.Release|x86.Deploy.0 = Release|x86
		{05A3ECFE-BADA-48EF-8944-D2180E7239D5}.Ad-Hoc|Any CPU.ActiveCfg = Release|x64
		{05A3ECFE-BADA-48EF-8944-D2180E7239D5}.Ad-Hoc|Any CPU.Build.0 = Release|x64
		{05A3ECFE-BADA-48EF-8944-D2180E7239D5}.Ad-Hoc|ARM.ActiveCfg = Release|ARM
		{05A3ECFE-BADA-48EF-8944-D2180E7239D5}.Ad-Hoc|ARM.Build.0 = Release|ARM
		{05A3ECFE-BADA-48EF-8944-D2180E7239D5}.Ad-Hoc|ARM64.ActiveCfg = Release|ARM64
		{05A3ECFE-BADA-48EF-8944-D2180E7239D5}.Ad-Hoc|ARM64.Build.0 = Release|ARM64
		{05A3ECFE-BADA-48EF-8944-D2180E7239D5}.Ad-Hoc|iPhone.ActiveCfg = Release|x64
		{05A3ECFE-BADA-48EF-8944-D2180E7239D5}.Ad-Hoc|iPhone.Build.0 = Release|x64
		{05A3ECFE-BADA-48EF-8944-D2180E7239D5}.Ad-Hoc|iPhoneSimulator.ActiveCfg = Release|x64
		{05A3ECFE-BADA-48EF-8944-D2180E7239D5}.Ad-Hoc|iPhoneSimulator.Build.0 = Release|x64
		{05A3ECFE-BADA-48EF-8944-D2180E7239D5}.Ad-Hoc|x64.ActiveCfg = Release|x64
		{05A3ECFE-BADA-48EF-8944-D2180E7239D5}.Ad-Hoc|x64.Build.0 = Release|x64
		{05A3ECFE-BADA-48EF-8944-D2180E7239D5}.Ad-Hoc|x86.ActiveCfg = Release|x86
		{05A3ECFE-BADA-48EF-8944-D2180E7239D5}.Ad-Hoc|x86.Build.0 = Release|x86
		{05A3ECFE-BADA-48EF-8944-D2180E7239D5}.AppStore|Any CPU.ActiveCfg = Release|x64
		{05A3ECFE-BADA-48EF-8944-D2180E7239D5}.AppStore|Any CPU.Build.0 = Release|x64
		{05A3ECFE-BADA-48EF-8944-D2180E7239D5}.AppStore|ARM.ActiveCfg = Release|ARM
		{05A3ECFE-BADA-48EF-8944-D2180E7239D5}.AppStore|ARM.Build.0 = Release|ARM
		{05A3ECFE-BADA-48EF-8944-D2180E7239D5}.AppStore|ARM64.ActiveCfg = Release|ARM64
		{05A3ECFE-BADA-48EF-8944-D2180E7239D5}.AppStore|ARM64.Build.0 = Release|ARM64
		{05A3ECFE-BADA-48EF-8944-D2180E7239D5}.AppStore|iPhone.ActiveCfg = Release|x64
		{05A3ECFE-BADA-48EF-8944-D2180E7239D5}.AppStore|iPhone.Build.0 = Release|x64
		{05A3ECFE-BADA-48EF-8944-D2180E7239D5}.AppStore|iPhoneSimulator.ActiveCfg = Release|x64
		{05A3ECFE-BADA-48EF-8944-D2180E7239D5}.AppStore|iPhoneSimulator.Build.0 = Release|x64
		{05A3ECFE-BADA-48EF-8944-D2180E7239D5}.AppStore|x64.ActiveCfg = Release|x64
		{05A3ECFE-BADA-48EF-8944-D2180E7239D5}.AppStore|x64.Build.0 = Release|x64
		{05A3ECFE-BADA-48EF-8944-D2180E7239D5}.AppStore|x86.ActiveCfg = Release|x86
		{05A3ECFE-BADA-48EF-8944-D2180E7239D5}.AppStore|x86.Build.0 = Release|x86
		{05A3ECFE-BADA-48EF-8944-D2180E7239D5}.Debug|Any CPU.ActiveCfg = Debug|x86
		{05A3ECFE-BADA-48EF-8944-D2180E7239D5}.Debug|ARM.ActiveCfg = Debug|ARM
		{05A3ECFE-BADA-48EF-8944-D2180E7239D5}.Debug|ARM.Build.0 = Debug|ARM
		{05A3ECFE-BADA-48EF-8944-D2180E7239D5}.Debug|ARM64.ActiveCfg = Debug|ARM64
		{05A3ECFE-BADA-48EF-8944-D2180E7239D5}.Debug|ARM64.Build.0 = Debug|ARM64
		{05A3ECFE-BADA-48EF-8944-D2180E7239D5}.Debug|iPhone.ActiveCfg = Debug|x86
		{05A3ECFE-BADA-48EF-8944-D2180E7239D5}.Debug|iPhoneSimulator.ActiveCfg = Debug|x86
		{05A3ECFE-BADA-48EF-8944-D2180E7239D5}.Debug|x64.ActiveCfg = Debug|x64
		{05A3ECFE-BADA-48EF-8944-D2180E7239D5}.Debug|x64.Build.0 = Debug|x64
		{05A3ECFE-BADA-48EF-8944-D2180E7239D5}.Debug|x86.ActiveCfg = Debug|x86
		{05A3ECFE-BADA-48EF-8944-D2180E7239D5}.Debug|x86.Build.0 = Debug|x86
		{05A3ECFE-BADA-48EF-8944-D2180E7239D5}.Release|Any CPU.ActiveCfg = Release|x86
		{05A3ECFE-BADA-48EF-8944-D2180E7239D5}.Release|ARM.ActiveCfg = Release|ARM
		{05A3ECFE-BADA-48EF-8944-D2180E7239D5}.Release|ARM.Build.0 = Release|ARM
		{05A3ECFE-BADA-48EF-8944-D2180E7239D5}.Release|ARM64.ActiveCfg = Release|ARM64
		{05A3ECFE-BADA-48EF-8944-D2180E7239D5}.Release|ARM64.Build.0 = Release|ARM64
		{05A3ECFE-BADA-48EF-8944-D2180E7239D5}.Release|iPhone.ActiveCfg = Release|x86
		{05A3ECFE-BADA-48EF-8944-D2180E7239D5}.Release|iPhoneSimulator.ActiveCfg = Release|x86
		{05A3ECFE-BADA-48EF-8944-D2180E7239D5}.Release|x64.ActiveCfg = Release|x64
		{05A3ECFE-BADA-48EF-8944-D2180E7239D5}.Release|x64.Build.0 = Release|x64
		{05A3ECFE-BADA-48EF-8944-D2180E7239D5}.Release|x86.ActiveCfg = Release|x86
		{05A3ECFE-BADA-48EF-8944-D2180E7239D5}.Release|x86.Build.0 = Release|x86
		{214CDCF0-7DC1-4E75-8E42-5D376DFE4A17}.Ad-Hoc|Any CPU.ActiveCfg = Release|x64
		{214CDCF0-7DC1-4E75-8E42-5D376DFE4A17}.Ad-Hoc|Any CPU.Build.0 = Release|x64
		{214CDCF0-7DC1-4E75-8E42-5D376DFE4A17}.Ad-Hoc|ARM.ActiveCfg = Release|ARM
		{214CDCF0-7DC1-4E75-8E42-5D376DFE4A17}.Ad-Hoc|ARM.Build.0 = Release|ARM
		{214CDCF0-7DC1-4E75-8E42-5D376DFE4A17}.Ad-Hoc|ARM64.ActiveCfg = Release|ARM64
		{214CDCF0-7DC1-4E75-8E42-5D376DFE4A17}.Ad-Hoc|ARM64.Build.0 = Release|ARM64
		{214CDCF0-7DC1-4E75-8E42-5D376DFE4A17}.Ad-Hoc|iPhone.ActiveCfg = Release|x64
		{214CDCF0-7DC1-4E75-8E42-5D376DFE4A17}.Ad-Hoc|iPhone.Build.0 = Release|x64
		{214CDCF0-7DC1-4E75-8E42-5D376DFE4A17}.Ad-Hoc|iPhoneSimulator.ActiveCfg = Release|x64
		{214CDCF0-7DC1-4E75-8E42-5D376DFE4A17}.Ad-Hoc|iPhoneSimulator.Build.0 = Release|x64
		{214CDCF0-7DC1-4E75-8E42-5D376DFE4A17}.Ad-Hoc|x64.ActiveCfg = Release|x64
		{214CDCF0-7DC1-4E75-8E42-5D376DFE4A17}.Ad-Hoc|x64.Build.0 = Release|x64
		{214CDCF0-7DC1-4E75-8E42-5D376DFE4A17}.Ad-Hoc|x86.ActiveCfg = Release|x86
		{214CDCF0-7DC1-4E75-8E42-5D376DFE4A17}.Ad-Hoc|x86.Build.0 = Release|x86
		{214CDCF0-7DC1-4E75-8E42-5D376DFE4A17}.AppStore|Any CPU.ActiveCfg = Release|x64
		{214CDCF0-7DC1-4E75-8E42-5D376DFE4A17}.AppStore|Any CPU.Build.0 = Release|x64
		{214CDCF0-7DC1-4E75-8E42-5D376DFE4A17}.AppStore|ARM.ActiveCfg = Release|ARM
		{214CDCF0-7DC1-4E75-8E42-5D376DFE4A17}.AppStore|ARM.Build.0 = Release|ARM
		{214CDCF0-7DC1-4E75-8E42-5D376DFE4A17}.AppStore|ARM64.ActiveCfg = Release|ARM64
		{214CDCF0-7DC1-4E75-8E42-5D376DFE4A17}.AppStore|ARM64.Build.0 = Release|ARM64
		{214CDCF0-7DC1-4E75-8E42-5D376DFE4A17}.AppStore|iPhone.ActiveCfg = Release|x64
		{214CDCF0-7DC1-4E75-8E42-5D376DFE4A17}.AppStore|iPhone.Build.0 = Release|x64
		{214CDCF0-7DC1-4E75-8E42-5D376DFE4A17}.AppStore|iPhoneSimulator.ActiveCfg = Release|x64
		{214CDCF0-7DC1-4E75-8E42-5D376DFE4A17}.AppStore|iPhoneSimulator.Build.0 = Release|x64
		{214CDCF0-7DC1-4E75-8E42-5D376DFE4A17}.AppStore|x64.ActiveCfg = Release|x64
		{214CDCF0-7DC1-4E75-8E42-5D376DFE4A17}.AppStore|x64.Build.0 = Release|x64
		{214CDCF0-7DC1-4E75-8E42-5D376DFE4A17}.AppStore|x86.ActiveCfg = Release|x86
		{214CDCF0-7DC1-4E75-8E42-5D376DFE4A17}.AppStore|x86.Build.0 = Release|x86
		{214CDCF0-7DC1-4E75-8E42-5D376DFE4A17}.Debug|Any CPU.ActiveCfg = Debug|x86
		{214CDCF0-7DC1-4E75-8E42-5D376DFE4A17}.Debug|ARM.ActiveCfg = Debug|ARM
		{214CDCF0-7DC1-4E75-8E42-5D376DFE4A17}.Debug|ARM.Build.0 = Debug|ARM
		{214CDCF0-7DC1-4E75-8E42-5D376DFE4A17}.Debug|ARM64.ActiveCfg = Debug|ARM64
		{214CDCF0-7DC1-4E75-8E42-5D376DFE4A17}.Debug|ARM64.Build.0 = Debug|ARM64
		{214CDCF0-7DC1-4E75-8E42-5D376DFE4A17}.Debug|iPhone.ActiveCfg = Debug|x86
		{214CDCF0-7DC1-4E75-8E42-5D376DFE4A17}.Debug|iPhoneSimulator.ActiveCfg = Debug|x86
		{214CDCF0-7DC1-4E75-8E42-5D376DFE4A17}.Debug|x64.ActiveCfg = Debug|x64
		{214CDCF0-7DC1-4E75-8E42-5D376DFE4A17}.Debug|x64.Build.0 = Debug|x64
		{214CDCF0-7DC1-4E75-8E42-5D376DFE4A17}.Debug|x86.ActiveCfg = Debug|x86
		{214CDCF0-7DC1-4E75-8E42-5D376DFE4A17}.Debug|x86.Build.0 = Debug|x86
		{214CDCF0-7DC1-4E75-8E42-5D376DFE4A17}.Release|Any CPU.ActiveCfg = Release|x86
		{214CDCF0-7DC1-4E75-8E42-5D376DFE4A17}.Release|ARM.ActiveCfg = Release|ARM
		{214CDCF0-7DC1-4E75-8E42-5D376DFE4A17}.Release|ARM.Build.0 = Release|ARM
		{214CDCF0-7DC1-4E75-8E42-5D376DFE4A17}.Release|ARM64.ActiveCfg = Release|ARM64
		{214CDCF0-7DC1-4E75-8E42-5D376DFE4A17}.Release|ARM64.Build.0 = Release|ARM64
		{214CDCF0-7DC1-4E75-8E42-5D376DFE4A17}.Release|iPhone.ActiveCfg = Release|x86
		{214CDCF0-7DC1-4E75-8E42-5D376DFE4A17}.Release|iPhoneSimulator.ActiveCfg = Release|x86
		{214CDCF0-7DC1-4E75-8E42-5D376DFE4A17}.Release|x64.ActiveCfg = Release|x64
		{214CDCF0-7DC1-4E75-8E42-5D376DFE4A17}.Release|x64.Build.0 = Release|x64
		{214CDCF0-7DC1-4E75-8E42-5D376DFE4A17}.Release|x86.ActiveCfg = Release|x86
		{214CDCF0-7DC1-4E75-8E42-5D376DFE4A17}.Release|x86.Build.0 = Release|x86
		{69A185EC-6024-46BA-AE97-9FFFC9E0D4B6}.Ad-Hoc|Any CPU.ActiveCfg = Release|x64
		{69A185EC-6024-46BA-AE97-9FFFC9E0D4B6}.Ad-Hoc|Any CPU.Build.0 = Release|x64
		{69A185EC-6024-46BA-AE97-9FFFC9E0D4B6}.Ad-Hoc|Any CPU.Deploy.0 = Release|x64
		{69A185EC-6024-46BA-AE97-9FFFC9E0D4B6}.Ad-Hoc|ARM.ActiveCfg = Release|x64
		{69A185EC-6024-46BA-AE97-9FFFC9E0D4B6}.Ad-Hoc|ARM.Build.0 = Release|x64
		{69A185EC-6024-46BA-AE97-9FFFC9E0D4B6}.Ad-Hoc|ARM.Deploy.0 = Release|x64
		{69A185EC-6024-46BA-AE97-9FFFC9E0D4B6}.Ad-Hoc|ARM64.ActiveCfg = Release|x64
		{69A185EC-6024-46BA-AE97-9FFFC9E0D4B6}.Ad-Hoc|ARM64.Build.0 = Release|x64
		{69A185EC-6024-46BA-AE97-9FFFC9E0D4B6}.Ad-Hoc|ARM64.Deploy.0 = Release|x64
		{69A185EC-6024-46BA-AE97-9FFFC9E0D4B6}.Ad-Hoc|iPhone.ActiveCfg = Release|x64
		{69A185EC-6024-46BA-AE97-9FFFC9E0D4B6}.Ad-Hoc|iPhone.Build.0 = Release|x64
		{69A185EC-6024-46BA-AE97-9FFFC9E0D4B6}.Ad-Hoc|iPhone.Deploy.0 = Release|x64
		{69A185EC-6024-46BA-AE97-9FFFC9E0D4B6}.Ad-Hoc|iPhoneSimulator.ActiveCfg = Release|x64
		{69A185EC-6024-46BA-AE97-9FFFC9E0D4B6}.Ad-Hoc|iPhoneSimulator.Build.0 = Release|x64
		{69A185EC-6024-46BA-AE97-9FFFC9E0D4B6}.Ad-Hoc|iPhoneSimulator.Deploy.0 = Release|x64
		{69A185EC-6024-46BA-AE97-9FFFC9E0D4B6}.Ad-Hoc|x64.ActiveCfg = Release|x64
		{69A185EC-6024-46BA-AE97-9FFFC9E0D4B6}.Ad-Hoc|x64.Build.0 = Release|x64
		{69A185EC-6024-46BA-AE97-9FFFC9E0D4B6}.Ad-Hoc|x64.Deploy.0 = Release|x64
		{69A185EC-6024-46BA-AE97-9FFFC9E0D4B6}.Ad-Hoc|x86.ActiveCfg = Release|Win32
		{69A185EC-6024-46BA-AE97-9FFFC9E0D4B6}.Ad-Hoc|x86.Build.0 = Release|Win32
		{69A185EC-6024-46BA-AE97-9FFFC9E0D4B6}.Ad-Hoc|x86.Deploy.0 = Release|Win32
		{69A185EC-6024-46BA-AE97-9FFFC9E0D4B6}.AppStore|Any CPU.ActiveCfg = Release|x64
		{69A185EC-6024-46BA-AE97-9FFFC9E0D4B6}.AppStore|Any CPU.Build.0 = Release|x64
		{69A185EC-6024-46BA-AE97-9FFFC9E0D4B6}.AppStore|Any CPU.Deploy.0 = Release|x64
		{69A185EC-6024-46BA-AE97-9FFFC9E0D4B6}.AppStore|ARM.ActiveCfg = Release|x64
		{69A185EC-6024-46BA-AE97-9FFFC9E0D4B6}.AppStore|ARM.Build.0 = Release|x64
		{69A185EC-6024-46BA-AE97-9FFFC9E0D4B6}.AppStore|ARM.Deploy.0 = Release|x64
		{69A185EC-6024-46BA-AE97-9FFFC9E0D4B6}.AppStore|ARM64.ActiveCfg = Release|x64
		{69A185EC-6024-46BA-AE97-9FFFC9E0D4B6}.AppStore|ARM64.Build.0 = Release|x64
		{69A185EC-6024-46BA-AE97-9FFFC9E0D4B6}.AppStore|ARM64.Deploy.0 = Release|x64
		{69A185EC-6024-46BA-AE97-9FFFC9E0D4B6}.AppStore|iPhone.ActiveCfg = Release|x64
		{69A185EC-6024-46BA-AE97-9FFFC9E0D4B6}.AppStore|iPhone.Build.0 = Release|x64
		{69A185EC-6024-46BA-AE97-9FFFC9E0D4B6}.AppStore|iPhone.Deploy.0 = Release|x64
		{69A185EC-6024-46BA-AE97-9FFFC9E0D4B6}.AppStore|iPhoneSimulator.ActiveCfg = Release|x64
		{69A185EC-6024-46BA-AE97-9FFFC9E0D4B6}.AppStore|iPhoneSimulator.Build.0 = Release|x64
		{69A185EC-6024-46BA-AE97-9FFFC9E0D4B6}.AppStore|iPhoneSimulator.Deploy.0 = Release|x64
		{69A185EC-6024-46BA-AE97-9FFFC9E0D4B6}.AppStore|x64.ActiveCfg = Release|x64
		{69A185EC-6024-46BA-AE97-9FFFC9E0D4B6}.AppStore|x64.Build.0 = Release|x64
		{69A185EC-6024-46BA-AE97-9FFFC9E0D4B6}.AppStore|x64.Deploy.0 = Release|x64
		{69A185EC-6024-46BA-AE97-9FFFC9E0D4B6}.AppStore|x86.ActiveCfg = Release|Win32
		{69A185EC-6024-46BA-AE97-9FFFC9E0D4B6}.AppStore|x86.Build.0 = Release|Win32
		{69A185EC-6024-46BA-AE97-9FFFC9E0D4B6}.AppStore|x86.Deploy.0 = Release|Win32
		{69A185EC-6024-46BA-AE97-9FFFC9E0D4B6}.Debug|Any CPU.ActiveCfg = Debug|Win32
		{69A185EC-6024-46BA-AE97-9FFFC9E0D4B6}.Debug|ARM.ActiveCfg = Debug|Win32
		{69A185EC-6024-46BA-AE97-9FFFC9E0D4B6}.Debug|ARM64.ActiveCfg = Debug|Win32
		{69A185EC-6024-46BA-AE97-9FFFC9E0D4B6}.Debug|iPhone.ActiveCfg = Debug|Win32
		{69A185EC-6024-46BA-AE97-9FFFC9E0D4B6}.Debug|iPhoneSimulator.ActiveCfg = Debug|Win32
		{69A185EC-6024-46BA-AE97-9FFFC9E0D4B6}.Debug|x64.ActiveCfg = Debug|x64
		{69A185EC-6024-46BA-AE97-9FFFC9E0D4B6}.Debug|x64.Build.0 = Debug|x64
		{69A185EC-6024-46BA-AE97-9FFFC9E0D4B6}.Debug|x86.ActiveCfg = Debug|Win32
		{69A185EC-6024-46BA-AE97-9FFFC9E0D4B6}.Debug|x86.Build.0 = Debug|Win32
		{69A185EC-6024-46BA-AE97-9FFFC9E0D4B6}.Release|Any CPU.ActiveCfg = Release|Win32
		{69A185EC-6024-46BA-AE97-9FFFC9E0D4B6}.Release|ARM.ActiveCfg = Release|Win32
		{69A185EC-6024-46BA-AE97-9FFFC9E0D4B6}.Release|ARM64.ActiveCfg = Release|Win32
		{69A185EC-6024-46BA-AE97-9FFFC9E0D4B6}.Release|iPhone.ActiveCfg = Release|Win32
		{69A185EC-6024-46BA-AE97-9FFFC9E0D4B6}.Release|iPhoneSimulator.ActiveCfg = Release|Win32
		{69A185EC-6024-46BA-AE97-9FFFC9E0D4B6}.Release|x64.ActiveCfg = Release|x64
		{69A185EC-6024-46BA-AE97-9FFFC9E0D4B6}.Release|x64.Build.0 = Release|x64
		{69A185EC-6024-46BA-AE97-9FFFC9E0D4B6}.Release|x86.ActiveCfg = Release|Win32
		{69A185EC-6024-46BA-AE97-9FFFC9E0D4B6}.Release|x86.Build.0 = Release|Win32
		{B01B0B84-405C-4985-9C55-C0F98CE69783}.Ad-Hoc|Any CPU.ActiveCfg = Release|Any CPU
		{B01B0B84-405C-4985-9C55-C0F98CE69783}.Ad-Hoc|Any CPU.Build.0 = Release|Any CPU
		{B01B0B84-405C-4985-9C55-C0F98CE69783}.Ad-Hoc|ARM.ActiveCfg = Release|Any CPU
		{B01B0B84-405C-4985-9C55-C0F98CE69783}.Ad-Hoc|ARM.Build.0 = Release|Any CPU
		{B01B0B84-405C-4985-9C55-C0F98CE69783}.Ad-Hoc|ARM64.ActiveCfg = Release|Any CPU
		{B01B0B84-405C-4985-9C55-C0F98CE69783}.Ad-Hoc|ARM64.Build.0 = Release|Any CPU
		{B01B0B84-405C-4985-9C55-C0F98CE69783}.Ad-Hoc|iPhone.ActiveCfg = Release|Any CPU
		{B01B0B84-405C-4985-9C55-C0F98CE69783}.Ad-Hoc|iPhone.Build.0 = Release|Any CPU
		{B01B0B84-405C-4985-9C55-C0F98CE69783}.Ad-Hoc|iPhoneSimulator.ActiveCfg = Release|Any CPU
		{B01B0B84-405C-4985-9C55-C0F98CE69783}.Ad-Hoc|iPhoneSimulator.Build.0 = Release|Any CPU
		{B01B0B84-405C-4985-9C55-C0F98CE69783}.Ad-Hoc|x64.ActiveCfg = Release|Any CPU
		{B01B0B84-405C-4985-9C55-C0F98CE69783}.Ad-Hoc|x64.Build.0 = Release|Any CPU
		{B01B0B84-405C-4985-9C55-C0F98CE69783}.Ad-Hoc|x86.ActiveCfg = Release|Any CPU
		{B01B0B84-405C-4985-9C55-C0F98CE69783}.Ad-Hoc|x86.Build.0 = Release|Any CPU
		{B01B0B84-405C-4985-9C55-C0F98CE69783}.AppStore|Any CPU.ActiveCfg = Release|Any CPU
		{B01B0B84-405C-4985-9C55-C0F98CE69783}.AppStore|Any CPU.Build.0 = Release|Any CPU
		{B01B0B84-405C-4985-9C55-C0F98CE69783}.AppStore|ARM.ActiveCfg = Release|Any CPU
		{B01B0B84-405C-4985-9C55-C0F98CE69783}.AppStore|ARM.Build.0 = Release|Any CPU
		{B01B0B84-405C-4985-9C55-C0F98CE69783}.AppStore|ARM64.ActiveCfg = Release|Any CPU
		{B01B0B84-405C-4985-9C55-C0F98CE69783}.AppStore|ARM64.Build.0 = Release|Any CPU
		{B01B0B84-405C-4985-9C55-C0F98CE69783}.AppStore|iPhone.ActiveCfg = Release|Any CPU
		{B01B0B84-405C-4985-9C55-C0F98CE69783}.AppStore|iPhone.Build.0 = Release|Any CPU
		{B01B0B84-405C-4985-9C55-C0F98CE69783}.AppStore|iPhoneSimulator.ActiveCfg = Release|Any CPU
		{B01B0B84-405C-4985-9C55-C0F98CE69783}.AppStore|iPhoneSimulator.Build.0 = Release|Any CPU
		{B01B0B84-405C-4985-9C55-C0F98CE69783}.AppStore|x64.ActiveCfg = Release|Any CPU
		{B01B0B84-405C-4985-9C55-C0F98CE69783}.AppStore|x64.Build.0 = Release|Any CPU
		{B01B0B84-405C-4985-9C55-C0F98CE69783}.AppStore|x86.ActiveCfg = Release|Any CPU
		{B01B0B84-405C-4985-9C55-C0F98CE69783}.AppStore|x86.Build.0 = Release|Any CPU
		{B01B0B84-405C-4985-9C55-C0F98CE69783}.Debug|Any CPU.ActiveCfg = Debug|Any CPU
		{B01B0B84-405C-4985-9C55-C0F98CE69783}.Debug|Any CPU.Build.0 = Debug|Any CPU
		{B01B0B84-405C-4985-9C55-C0F98CE69783}.Debug|ARM.ActiveCfg = Debug|Any CPU
		{B01B0B84-405C-4985-9C55-C0F98CE69783}.Debug|ARM.Build.0 = Debug|Any CPU
		{B01B0B84-405C-4985-9C55-C0F98CE69783}.Debug|ARM64.ActiveCfg = Debug|Any CPU
		{B01B0B84-405C-4985-9C55-C0F98CE69783}.Debug|ARM64.Build.0 = Debug|Any CPU
		{B01B0B84-405C-4985-9C55-C0F98CE69783}.Debug|iPhone.ActiveCfg = Debug|Any CPU
		{B01B0B84-405C-4985-9C55-C0F98CE69783}.Debug|iPhone.Build.0 = Debug|Any CPU
		{B01B0B84-405C-4985-9C55-C0F98CE69783}.Debug|iPhoneSimulator.ActiveCfg = Debug|Any CPU
		{B01B0B84-405C-4985-9C55-C0F98CE69783}.Debug|iPhoneSimulator.Build.0 = Debug|Any CPU
		{B01B0B84-405C-4985-9C55-C0F98CE69783}.Debug|x64.ActiveCfg = Debug|Any CPU
		{B01B0B84-405C-4985-9C55-C0F98CE69783}.Debug|x64.Build.0 = Debug|Any CPU
		{B01B0B84-405C-4985-9C55-C0F98CE69783}.Debug|x86.ActiveCfg = Debug|Any CPU
		{B01B0B84-405C-4985-9C55-C0F98CE69783}.Debug|x86.Build.0 = Debug|Any CPU
		{B01B0B84-405C-4985-9C55-C0F98CE69783}.Release|Any CPU.ActiveCfg = Release|Any CPU
		{B01B0B84-405C-4985-9C55-C0F98CE69783}.Release|Any CPU.Build.0 = Release|Any CPU
		{B01B0B84-405C-4985-9C55-C0F98CE69783}.Release|ARM.ActiveCfg = Release|Any CPU
		{B01B0B84-405C-4985-9C55-C0F98CE69783}.Release|ARM.Build.0 = Release|Any CPU
		{B01B0B84-405C-4985-9C55-C0F98CE69783}.Release|ARM64.ActiveCfg = Release|Any CPU
		{B01B0B84-405C-4985-9C55-C0F98CE69783}.Release|ARM64.Build.0 = Release|Any CPU
		{B01B0B84-405C-4985-9C55-C0F98CE69783}.Release|iPhone.ActiveCfg = Release|Any CPU
		{B01B0B84-405C-4985-9C55-C0F98CE69783}.Release|iPhone.Build.0 = Release|Any CPU
		{B01B0B84-405C-4985-9C55-C0F98CE69783}.Release|iPhoneSimulator.ActiveCfg = Release|Any CPU
		{B01B0B84-405C-4985-9C55-C0F98CE69783}.Release|iPhoneSimulator.Build.0 = Release|Any CPU
		{B01B0B84-405C-4985-9C55-C0F98CE69783}.Release|x64.ActiveCfg = Release|Any CPU
		{B01B0B84-405C-4985-9C55-C0F98CE69783}.Release|x64.Build.0 = Release|Any CPU
		{B01B0B84-405C-4985-9C55-C0F98CE69783}.Release|x86.ActiveCfg = Release|Any CPU
		{B01B0B84-405C-4985-9C55-C0F98CE69783}.Release|x86.Build.0 = Release|Any CPU
		{85161165-DE55-40CE-A00B-CFED20A005D9}.Ad-Hoc|Any CPU.ActiveCfg = Release|Any CPU
		{85161165-DE55-40CE-A00B-CFED20A005D9}.Ad-Hoc|Any CPU.Build.0 = Release|Any CPU
		{85161165-DE55-40CE-A00B-CFED20A005D9}.Ad-Hoc|ARM.ActiveCfg = Release|Any CPU
		{85161165-DE55-40CE-A00B-CFED20A005D9}.Ad-Hoc|ARM.Build.0 = Release|Any CPU
		{85161165-DE55-40CE-A00B-CFED20A005D9}.Ad-Hoc|ARM64.ActiveCfg = Release|Any CPU
		{85161165-DE55-40CE-A00B-CFED20A005D9}.Ad-Hoc|ARM64.Build.0 = Release|Any CPU
		{85161165-DE55-40CE-A00B-CFED20A005D9}.Ad-Hoc|iPhone.ActiveCfg = Release|Any CPU
		{85161165-DE55-40CE-A00B-CFED20A005D9}.Ad-Hoc|iPhone.Build.0 = Release|Any CPU
		{85161165-DE55-40CE-A00B-CFED20A005D9}.Ad-Hoc|iPhoneSimulator.ActiveCfg = Release|Any CPU
		{85161165-DE55-40CE-A00B-CFED20A005D9}.Ad-Hoc|iPhoneSimulator.Build.0 = Release|Any CPU
		{85161165-DE55-40CE-A00B-CFED20A005D9}.Ad-Hoc|x64.ActiveCfg = Release|Any CPU
		{85161165-DE55-40CE-A00B-CFED20A005D9}.Ad-Hoc|x64.Build.0 = Release|Any CPU
		{85161165-DE55-40CE-A00B-CFED20A005D9}.Ad-Hoc|x86.ActiveCfg = Release|Any CPU
		{85161165-DE55-40CE-A00B-CFED20A005D9}.Ad-Hoc|x86.Build.0 = Release|Any CPU
		{85161165-DE55-40CE-A00B-CFED20A005D9}.AppStore|Any CPU.ActiveCfg = Release|Any CPU
		{85161165-DE55-40CE-A00B-CFED20A005D9}.AppStore|Any CPU.Build.0 = Release|Any CPU
		{85161165-DE55-40CE-A00B-CFED20A005D9}.AppStore|ARM.ActiveCfg = Release|Any CPU
		{85161165-DE55-40CE-A00B-CFED20A005D9}.AppStore|ARM.Build.0 = Release|Any CPU
		{85161165-DE55-40CE-A00B-CFED20A005D9}.AppStore|ARM64.ActiveCfg = Release|Any CPU
		{85161165-DE55-40CE-A00B-CFED20A005D9}.AppStore|ARM64.Build.0 = Release|Any CPU
		{85161165-DE55-40CE-A00B-CFED20A005D9}.AppStore|iPhone.ActiveCfg = Release|Any CPU
		{85161165-DE55-40CE-A00B-CFED20A005D9}.AppStore|iPhone.Build.0 = Release|Any CPU
		{85161165-DE55-40CE-A00B-CFED20A005D9}.AppStore|iPhoneSimulator.ActiveCfg = Release|Any CPU
		{85161165-DE55-40CE-A00B-CFED20A005D9}.AppStore|iPhoneSimulator.Build.0 = Release|Any CPU
		{85161165-DE55-40CE-A00B-CFED20A005D9}.AppStore|x64.ActiveCfg = Release|Any CPU
		{85161165-DE55-40CE-A00B-CFED20A005D9}.AppStore|x64.Build.0 = Release|Any CPU
		{85161165-DE55-40CE-A00B-CFED20A005D9}.AppStore|x86.ActiveCfg = Release|Any CPU
		{85161165-DE55-40CE-A00B-CFED20A005D9}.AppStore|x86.Build.0 = Release|Any CPU
		{85161165-DE55-40CE-A00B-CFED20A005D9}.Debug|Any CPU.ActiveCfg = Debug|Any CPU
		{85161165-DE55-40CE-A00B-CFED20A005D9}.Debug|Any CPU.Build.0 = Debug|Any CPU
		{85161165-DE55-40CE-A00B-CFED20A005D9}.Debug|ARM.ActiveCfg = Debug|Any CPU
		{85161165-DE55-40CE-A00B-CFED20A005D9}.Debug|ARM.Build.0 = Debug|Any CPU
		{85161165-DE55-40CE-A00B-CFED20A005D9}.Debug|ARM64.ActiveCfg = Debug|Any CPU
		{85161165-DE55-40CE-A00B-CFED20A005D9}.Debug|ARM64.Build.0 = Debug|Any CPU
		{85161165-DE55-40CE-A00B-CFED20A005D9}.Debug|iPhone.ActiveCfg = Debug|Any CPU
		{85161165-DE55-40CE-A00B-CFED20A005D9}.Debug|iPhone.Build.0 = Debug|Any CPU
		{85161165-DE55-40CE-A00B-CFED20A005D9}.Debug|iPhoneSimulator.ActiveCfg = Debug|Any CPU
		{85161165-DE55-40CE-A00B-CFED20A005D9}.Debug|iPhoneSimulator.Build.0 = Debug|Any CPU
		{85161165-DE55-40CE-A00B-CFED20A005D9}.Debug|x64.ActiveCfg = Debug|Any CPU
		{85161165-DE55-40CE-A00B-CFED20A005D9}.Debug|x64.Build.0 = Debug|Any CPU
		{85161165-DE55-40CE-A00B-CFED20A005D9}.Debug|x86.ActiveCfg = Debug|Any CPU
		{85161165-DE55-40CE-A00B-CFED20A005D9}.Debug|x86.Build.0 = Debug|Any CPU
		{85161165-DE55-40CE-A00B-CFED20A005D9}.Release|Any CPU.ActiveCfg = Release|Any CPU
		{85161165-DE55-40CE-A00B-CFED20A005D9}.Release|Any CPU.Build.0 = Release|Any CPU
		{85161165-DE55-40CE-A00B-CFED20A005D9}.Release|ARM.ActiveCfg = Release|Any CPU
		{85161165-DE55-40CE-A00B-CFED20A005D9}.Release|ARM.Build.0 = Release|Any CPU
		{85161165-DE55-40CE-A00B-CFED20A005D9}.Release|ARM64.ActiveCfg = Release|Any CPU
		{85161165-DE55-40CE-A00B-CFED20A005D9}.Release|ARM64.Build.0 = Release|Any CPU
		{85161165-DE55-40CE-A00B-CFED20A005D9}.Release|iPhone.ActiveCfg = Release|Any CPU
		{85161165-DE55-40CE-A00B-CFED20A005D9}.Release|iPhone.Build.0 = Release|Any CPU
		{85161165-DE55-40CE-A00B-CFED20A005D9}.Release|iPhoneSimulator.ActiveCfg = Release|Any CPU
		{85161165-DE55-40CE-A00B-CFED20A005D9}.Release|iPhoneSimulator.Build.0 = Release|Any CPU
		{85161165-DE55-40CE-A00B-CFED20A005D9}.Release|x64.ActiveCfg = Release|Any CPU
		{85161165-DE55-40CE-A00B-CFED20A005D9}.Release|x64.Build.0 = Release|Any CPU
		{85161165-DE55-40CE-A00B-CFED20A005D9}.Release|x86.ActiveCfg = Release|Any CPU
		{85161165-DE55-40CE-A00B-CFED20A005D9}.Release|x86.Build.0 = Release|Any CPU
		{40D046E5-F82A-4FFC-8154-0196030B8784}.Ad-Hoc|Any CPU.ActiveCfg = Release|Any CPU
		{40D046E5-F82A-4FFC-8154-0196030B8784}.Ad-Hoc|Any CPU.Build.0 = Release|Any CPU
		{40D046E5-F82A-4FFC-8154-0196030B8784}.Ad-Hoc|ARM.ActiveCfg = Release|ARM
		{40D046E5-F82A-4FFC-8154-0196030B8784}.Ad-Hoc|ARM.Build.0 = Release|ARM
		{40D046E5-F82A-4FFC-8154-0196030B8784}.Ad-Hoc|ARM64.ActiveCfg = Release|Any CPU
		{40D046E5-F82A-4FFC-8154-0196030B8784}.Ad-Hoc|ARM64.Build.0 = Release|Any CPU
		{40D046E5-F82A-4FFC-8154-0196030B8784}.Ad-Hoc|iPhone.ActiveCfg = Release|Any CPU
		{40D046E5-F82A-4FFC-8154-0196030B8784}.Ad-Hoc|iPhone.Build.0 = Release|Any CPU
		{40D046E5-F82A-4FFC-8154-0196030B8784}.Ad-Hoc|iPhoneSimulator.ActiveCfg = Release|Any CPU
		{40D046E5-F82A-4FFC-8154-0196030B8784}.Ad-Hoc|iPhoneSimulator.Build.0 = Release|Any CPU
		{40D046E5-F82A-4FFC-8154-0196030B8784}.Ad-Hoc|x64.ActiveCfg = Release|x64
		{40D046E5-F82A-4FFC-8154-0196030B8784}.Ad-Hoc|x64.Build.0 = Release|x64
		{40D046E5-F82A-4FFC-8154-0196030B8784}.Ad-Hoc|x86.ActiveCfg = Release|x86
		{40D046E5-F82A-4FFC-8154-0196030B8784}.Ad-Hoc|x86.Build.0 = Release|x86
		{40D046E5-F82A-4FFC-8154-0196030B8784}.AppStore|Any CPU.ActiveCfg = Release|Any CPU
		{40D046E5-F82A-4FFC-8154-0196030B8784}.AppStore|Any CPU.Build.0 = Release|Any CPU
		{40D046E5-F82A-4FFC-8154-0196030B8784}.AppStore|ARM.ActiveCfg = Release|ARM
		{40D046E5-F82A-4FFC-8154-0196030B8784}.AppStore|ARM.Build.0 = Release|ARM
		{40D046E5-F82A-4FFC-8154-0196030B8784}.AppStore|ARM64.ActiveCfg = Release|Any CPU
		{40D046E5-F82A-4FFC-8154-0196030B8784}.AppStore|ARM64.Build.0 = Release|Any CPU
		{40D046E5-F82A-4FFC-8154-0196030B8784}.AppStore|iPhone.ActiveCfg = Release|Any CPU
		{40D046E5-F82A-4FFC-8154-0196030B8784}.AppStore|iPhone.Build.0 = Release|Any CPU
		{40D046E5-F82A-4FFC-8154-0196030B8784}.AppStore|iPhoneSimulator.ActiveCfg = Release|Any CPU
		{40D046E5-F82A-4FFC-8154-0196030B8784}.AppStore|iPhoneSimulator.Build.0 = Release|Any CPU
		{40D046E5-F82A-4FFC-8154-0196030B8784}.AppStore|x64.ActiveCfg = Release|x64
		{40D046E5-F82A-4FFC-8154-0196030B8784}.AppStore|x64.Build.0 = Release|x64
		{40D046E5-F82A-4FFC-8154-0196030B8784}.AppStore|x86.ActiveCfg = Release|x86
		{40D046E5-F82A-4FFC-8154-0196030B8784}.AppStore|x86.Build.0 = Release|x86
		{40D046E5-F82A-4FFC-8154-0196030B8784}.Debug|Any CPU.ActiveCfg = Debug|Any CPU
		{40D046E5-F82A-4FFC-8154-0196030B8784}.Debug|Any CPU.Build.0 = Debug|Any CPU
		{40D046E5-F82A-4FFC-8154-0196030B8784}.Debug|ARM.ActiveCfg = Debug|ARM
		{40D046E5-F82A-4FFC-8154-0196030B8784}.Debug|ARM.Build.0 = Debug|ARM
		{40D046E5-F82A-4FFC-8154-0196030B8784}.Debug|ARM64.ActiveCfg = Debug|Any CPU
		{40D046E5-F82A-4FFC-8154-0196030B8784}.Debug|ARM64.Build.0 = Debug|Any CPU
		{40D046E5-F82A-4FFC-8154-0196030B8784}.Debug|iPhone.ActiveCfg = Debug|Any CPU
		{40D046E5-F82A-4FFC-8154-0196030B8784}.Debug|iPhone.Build.0 = Debug|Any CPU
		{40D046E5-F82A-4FFC-8154-0196030B8784}.Debug|iPhoneSimulator.ActiveCfg = Debug|Any CPU
		{40D046E5-F82A-4FFC-8154-0196030B8784}.Debug|iPhoneSimulator.Build.0 = Debug|Any CPU
		{40D046E5-F82A-4FFC-8154-0196030B8784}.Debug|x64.ActiveCfg = Debug|x64
		{40D046E5-F82A-4FFC-8154-0196030B8784}.Debug|x64.Build.0 = Debug|x64
		{40D046E5-F82A-4FFC-8154-0196030B8784}.Debug|x86.ActiveCfg = Debug|x86
		{40D046E5-F82A-4FFC-8154-0196030B8784}.Debug|x86.Build.0 = Debug|x86
		{40D046E5-F82A-4FFC-8154-0196030B8784}.Release|Any CPU.ActiveCfg = Release|Any CPU
		{40D046E5-F82A-4FFC-8154-0196030B8784}.Release|Any CPU.Build.0 = Release|Any CPU
		{40D046E5-F82A-4FFC-8154-0196030B8784}.Release|ARM.ActiveCfg = Release|ARM
		{40D046E5-F82A-4FFC-8154-0196030B8784}.Release|ARM.Build.0 = Release|ARM
		{40D046E5-F82A-4FFC-8154-0196030B8784}.Release|ARM64.ActiveCfg = Release|Any CPU
		{40D046E5-F82A-4FFC-8154-0196030B8784}.Release|ARM64.Build.0 = Release|Any CPU
		{40D046E5-F82A-4FFC-8154-0196030B8784}.Release|iPhone.ActiveCfg = Release|Any CPU
		{40D046E5-F82A-4FFC-8154-0196030B8784}.Release|iPhone.Build.0 = Release|Any CPU
		{40D046E5-F82A-4FFC-8154-0196030B8784}.Release|iPhoneSimulator.ActiveCfg = Release|Any CPU
		{40D046E5-F82A-4FFC-8154-0196030B8784}.Release|iPhoneSimulator.Build.0 = Release|Any CPU
		{40D046E5-F82A-4FFC-8154-0196030B8784}.Release|x64.ActiveCfg = Release|x64
		{40D046E5-F82A-4FFC-8154-0196030B8784}.Release|x64.Build.0 = Release|x64
		{40D046E5-F82A-4FFC-8154-0196030B8784}.Release|x86.ActiveCfg = Release|x86
		{40D046E5-F82A-4FFC-8154-0196030B8784}.Release|x86.Build.0 = Release|x86
		{E045A959-9607-4872-804A-F344C9EF5C91}.Ad-Hoc|Any CPU.ActiveCfg = Release|x64
		{E045A959-9607-4872-804A-F344C9EF5C91}.Ad-Hoc|Any CPU.Build.0 = Release|x64
		{E045A959-9607-4872-804A-F344C9EF5C91}.Ad-Hoc|Any CPU.Deploy.0 = Release|x64
		{E045A959-9607-4872-804A-F344C9EF5C91}.Ad-Hoc|ARM.ActiveCfg = Release|ARM
		{E045A959-9607-4872-804A-F344C9EF5C91}.Ad-Hoc|ARM.Build.0 = Release|ARM
		{E045A959-9607-4872-804A-F344C9EF5C91}.Ad-Hoc|ARM.Deploy.0 = Release|ARM
		{E045A959-9607-4872-804A-F344C9EF5C91}.Ad-Hoc|ARM64.ActiveCfg = Release|x64
		{E045A959-9607-4872-804A-F344C9EF5C91}.Ad-Hoc|ARM64.Build.0 = Release|x64
		{E045A959-9607-4872-804A-F344C9EF5C91}.Ad-Hoc|ARM64.Deploy.0 = Release|x64
		{E045A959-9607-4872-804A-F344C9EF5C91}.Ad-Hoc|iPhone.ActiveCfg = Release|x64
		{E045A959-9607-4872-804A-F344C9EF5C91}.Ad-Hoc|iPhone.Build.0 = Release|x64
		{E045A959-9607-4872-804A-F344C9EF5C91}.Ad-Hoc|iPhone.Deploy.0 = Release|x64
		{E045A959-9607-4872-804A-F344C9EF5C91}.Ad-Hoc|iPhoneSimulator.ActiveCfg = Release|x64
		{E045A959-9607-4872-804A-F344C9EF5C91}.Ad-Hoc|iPhoneSimulator.Build.0 = Release|x64
		{E045A959-9607-4872-804A-F344C9EF5C91}.Ad-Hoc|iPhoneSimulator.Deploy.0 = Release|x64
		{E045A959-9607-4872-804A-F344C9EF5C91}.Ad-Hoc|x64.ActiveCfg = Release|x64
		{E045A959-9607-4872-804A-F344C9EF5C91}.Ad-Hoc|x64.Build.0 = Release|x64
		{E045A959-9607-4872-804A-F344C9EF5C91}.Ad-Hoc|x64.Deploy.0 = Release|x64
		{E045A959-9607-4872-804A-F344C9EF5C91}.Ad-Hoc|x86.ActiveCfg = Release|x86
		{E045A959-9607-4872-804A-F344C9EF5C91}.Ad-Hoc|x86.Build.0 = Release|x86
		{E045A959-9607-4872-804A-F344C9EF5C91}.Ad-Hoc|x86.Deploy.0 = Release|x86
		{E045A959-9607-4872-804A-F344C9EF5C91}.AppStore|Any CPU.ActiveCfg = Release|x64
		{E045A959-9607-4872-804A-F344C9EF5C91}.AppStore|Any CPU.Build.0 = Release|x64
		{E045A959-9607-4872-804A-F344C9EF5C91}.AppStore|Any CPU.Deploy.0 = Release|x64
		{E045A959-9607-4872-804A-F344C9EF5C91}.AppStore|ARM.ActiveCfg = Release|ARM
		{E045A959-9607-4872-804A-F344C9EF5C91}.AppStore|ARM.Build.0 = Release|ARM
		{E045A959-9607-4872-804A-F344C9EF5C91}.AppStore|ARM.Deploy.0 = Release|ARM
		{E045A959-9607-4872-804A-F344C9EF5C91}.AppStore|ARM64.ActiveCfg = Release|x64
		{E045A959-9607-4872-804A-F344C9EF5C91}.AppStore|ARM64.Build.0 = Release|x64
		{E045A959-9607-4872-804A-F344C9EF5C91}.AppStore|ARM64.Deploy.0 = Release|x64
		{E045A959-9607-4872-804A-F344C9EF5C91}.AppStore|iPhone.ActiveCfg = Release|x64
		{E045A959-9607-4872-804A-F344C9EF5C91}.AppStore|iPhone.Build.0 = Release|x64
		{E045A959-9607-4872-804A-F344C9EF5C91}.AppStore|iPhone.Deploy.0 = Release|x64
		{E045A959-9607-4872-804A-F344C9EF5C91}.AppStore|iPhoneSimulator.ActiveCfg = Release|x64
		{E045A959-9607-4872-804A-F344C9EF5C91}.AppStore|iPhoneSimulator.Build.0 = Release|x64
		{E045A959-9607-4872-804A-F344C9EF5C91}.AppStore|iPhoneSimulator.Deploy.0 = Release|x64
		{E045A959-9607-4872-804A-F344C9EF5C91}.AppStore|x64.ActiveCfg = Release|x64
		{E045A959-9607-4872-804A-F344C9EF5C91}.AppStore|x64.Build.0 = Release|x64
		{E045A959-9607-4872-804A-F344C9EF5C91}.AppStore|x64.Deploy.0 = Release|x64
		{E045A959-9607-4872-804A-F344C9EF5C91}.AppStore|x86.ActiveCfg = Release|x86
		{E045A959-9607-4872-804A-F344C9EF5C91}.AppStore|x86.Build.0 = Release|x86
		{E045A959-9607-4872-804A-F344C9EF5C91}.AppStore|x86.Deploy.0 = Release|x86
		{E045A959-9607-4872-804A-F344C9EF5C91}.Debug|Any CPU.ActiveCfg = Debug|x86
		{E045A959-9607-4872-804A-F344C9EF5C91}.Debug|ARM.ActiveCfg = Debug|ARM
		{E045A959-9607-4872-804A-F344C9EF5C91}.Debug|ARM.Build.0 = Debug|ARM
		{E045A959-9607-4872-804A-F344C9EF5C91}.Debug|ARM.Deploy.0 = Debug|ARM
		{E045A959-9607-4872-804A-F344C9EF5C91}.Debug|ARM64.ActiveCfg = Debug|x86
		{E045A959-9607-4872-804A-F344C9EF5C91}.Debug|iPhone.ActiveCfg = Debug|x86
		{E045A959-9607-4872-804A-F344C9EF5C91}.Debug|iPhoneSimulator.ActiveCfg = Debug|x86
		{E045A959-9607-4872-804A-F344C9EF5C91}.Debug|x64.ActiveCfg = Debug|x64
		{E045A959-9607-4872-804A-F344C9EF5C91}.Debug|x64.Build.0 = Debug|x64
		{E045A959-9607-4872-804A-F344C9EF5C91}.Debug|x64.Deploy.0 = Debug|x64
		{E045A959-9607-4872-804A-F344C9EF5C91}.Debug|x86.ActiveCfg = Debug|x86
		{E045A959-9607-4872-804A-F344C9EF5C91}.Debug|x86.Build.0 = Debug|x86
		{E045A959-9607-4872-804A-F344C9EF5C91}.Debug|x86.Deploy.0 = Debug|x86
		{E045A959-9607-4872-804A-F344C9EF5C91}.Release|Any CPU.ActiveCfg = Release|x86
		{E045A959-9607-4872-804A-F344C9EF5C91}.Release|ARM.ActiveCfg = Release|ARM
		{E045A959-9607-4872-804A-F344C9EF5C91}.Release|ARM.Build.0 = Release|ARM
		{E045A959-9607-4872-804A-F344C9EF5C91}.Release|ARM.Deploy.0 = Release|ARM
		{E045A959-9607-4872-804A-F344C9EF5C91}.Release|ARM64.ActiveCfg = Release|x86
		{E045A959-9607-4872-804A-F344C9EF5C91}.Release|iPhone.ActiveCfg = Release|x86
		{E045A959-9607-4872-804A-F344C9EF5C91}.Release|iPhoneSimulator.ActiveCfg = Release|x86
		{E045A959-9607-4872-804A-F344C9EF5C91}.Release|x64.ActiveCfg = Release|x64
		{E045A959-9607-4872-804A-F344C9EF5C91}.Release|x64.Build.0 = Release|x64
		{E045A959-9607-4872-804A-F344C9EF5C91}.Release|x64.Deploy.0 = Release|x64
		{E045A959-9607-4872-804A-F344C9EF5C91}.Release|x86.ActiveCfg = Release|x86
		{E045A959-9607-4872-804A-F344C9EF5C91}.Release|x86.Build.0 = Release|x86
		{E045A959-9607-4872-804A-F344C9EF5C91}.Release|x86.Deploy.0 = Release|x86
		{7AD20FF1-20C2-48D2-9B73-790393BA8D6E}.Ad-Hoc|Any CPU.ActiveCfg = Release|Any CPU
		{7AD20FF1-20C2-48D2-9B73-790393BA8D6E}.Ad-Hoc|Any CPU.Build.0 = Release|Any CPU
		{7AD20FF1-20C2-48D2-9B73-790393BA8D6E}.Ad-Hoc|ARM.ActiveCfg = Release|Any CPU
		{7AD20FF1-20C2-48D2-9B73-790393BA8D6E}.Ad-Hoc|ARM.Build.0 = Release|Any CPU
		{7AD20FF1-20C2-48D2-9B73-790393BA8D6E}.Ad-Hoc|ARM64.ActiveCfg = Release|Any CPU
		{7AD20FF1-20C2-48D2-9B73-790393BA8D6E}.Ad-Hoc|ARM64.Build.0 = Release|Any CPU
		{7AD20FF1-20C2-48D2-9B73-790393BA8D6E}.Ad-Hoc|iPhone.ActiveCfg = Release|Any CPU
		{7AD20FF1-20C2-48D2-9B73-790393BA8D6E}.Ad-Hoc|iPhone.Build.0 = Release|Any CPU
		{7AD20FF1-20C2-48D2-9B73-790393BA8D6E}.Ad-Hoc|iPhoneSimulator.ActiveCfg = Release|Any CPU
		{7AD20FF1-20C2-48D2-9B73-790393BA8D6E}.Ad-Hoc|iPhoneSimulator.Build.0 = Release|Any CPU
		{7AD20FF1-20C2-48D2-9B73-790393BA8D6E}.Ad-Hoc|x64.ActiveCfg = Release|Any CPU
		{7AD20FF1-20C2-48D2-9B73-790393BA8D6E}.Ad-Hoc|x64.Build.0 = Release|Any CPU
		{7AD20FF1-20C2-48D2-9B73-790393BA8D6E}.Ad-Hoc|x86.ActiveCfg = Release|Any CPU
		{7AD20FF1-20C2-48D2-9B73-790393BA8D6E}.Ad-Hoc|x86.Build.0 = Release|Any CPU
		{7AD20FF1-20C2-48D2-9B73-790393BA8D6E}.AppStore|Any CPU.ActiveCfg = Release|Any CPU
		{7AD20FF1-20C2-48D2-9B73-790393BA8D6E}.AppStore|Any CPU.Build.0 = Release|Any CPU
		{7AD20FF1-20C2-48D2-9B73-790393BA8D6E}.AppStore|ARM.ActiveCfg = Release|Any CPU
		{7AD20FF1-20C2-48D2-9B73-790393BA8D6E}.AppStore|ARM.Build.0 = Release|Any CPU
		{7AD20FF1-20C2-48D2-9B73-790393BA8D6E}.AppStore|ARM64.ActiveCfg = Release|Any CPU
		{7AD20FF1-20C2-48D2-9B73-790393BA8D6E}.AppStore|ARM64.Build.0 = Release|Any CPU
		{7AD20FF1-20C2-48D2-9B73-790393BA8D6E}.AppStore|iPhone.ActiveCfg = Release|Any CPU
		{7AD20FF1-20C2-48D2-9B73-790393BA8D6E}.AppStore|iPhone.Build.0 = Release|Any CPU
		{7AD20FF1-20C2-48D2-9B73-790393BA8D6E}.AppStore|iPhoneSimulator.ActiveCfg = Release|Any CPU
		{7AD20FF1-20C2-48D2-9B73-790393BA8D6E}.AppStore|iPhoneSimulator.Build.0 = Release|Any CPU
		{7AD20FF1-20C2-48D2-9B73-790393BA8D6E}.AppStore|x64.ActiveCfg = Release|Any CPU
		{7AD20FF1-20C2-48D2-9B73-790393BA8D6E}.AppStore|x64.Build.0 = Release|Any CPU
		{7AD20FF1-20C2-48D2-9B73-790393BA8D6E}.AppStore|x86.ActiveCfg = Release|Any CPU
		{7AD20FF1-20C2-48D2-9B73-790393BA8D6E}.AppStore|x86.Build.0 = Release|Any CPU
		{7AD20FF1-20C2-48D2-9B73-790393BA8D6E}.Debug|Any CPU.ActiveCfg = Debug|Any CPU
		{7AD20FF1-20C2-48D2-9B73-790393BA8D6E}.Debug|Any CPU.Build.0 = Debug|Any CPU
		{7AD20FF1-20C2-48D2-9B73-790393BA8D6E}.Debug|ARM.ActiveCfg = Debug|Any CPU
		{7AD20FF1-20C2-48D2-9B73-790393BA8D6E}.Debug|ARM.Build.0 = Debug|Any CPU
		{7AD20FF1-20C2-48D2-9B73-790393BA8D6E}.Debug|ARM64.ActiveCfg = Debug|Any CPU
		{7AD20FF1-20C2-48D2-9B73-790393BA8D6E}.Debug|ARM64.Build.0 = Debug|Any CPU
		{7AD20FF1-20C2-48D2-9B73-790393BA8D6E}.Debug|iPhone.ActiveCfg = Debug|Any CPU
		{7AD20FF1-20C2-48D2-9B73-790393BA8D6E}.Debug|iPhone.Build.0 = Debug|Any CPU
		{7AD20FF1-20C2-48D2-9B73-790393BA8D6E}.Debug|iPhoneSimulator.ActiveCfg = Debug|Any CPU
		{7AD20FF1-20C2-48D2-9B73-790393BA8D6E}.Debug|iPhoneSimulator.Build.0 = Debug|Any CPU
		{7AD20FF1-20C2-48D2-9B73-790393BA8D6E}.Debug|x64.ActiveCfg = Debug|Any CPU
		{7AD20FF1-20C2-48D2-9B73-790393BA8D6E}.Debug|x64.Build.0 = Debug|Any CPU
		{7AD20FF1-20C2-48D2-9B73-790393BA8D6E}.Debug|x86.ActiveCfg = Debug|Any CPU
		{7AD20FF1-20C2-48D2-9B73-790393BA8D6E}.Debug|x86.Build.0 = Debug|Any CPU
		{7AD20FF1-20C2-48D2-9B73-790393BA8D6E}.Release|Any CPU.ActiveCfg = Release|Any CPU
		{7AD20FF1-20C2-48D2-9B73-790393BA8D6E}.Release|Any CPU.Build.0 = Release|Any CPU
		{7AD20FF1-20C2-48D2-9B73-790393BA8D6E}.Release|ARM.ActiveCfg = Release|Any CPU
		{7AD20FF1-20C2-48D2-9B73-790393BA8D6E}.Release|ARM.Build.0 = Release|Any CPU
		{7AD20FF1-20C2-48D2-9B73-790393BA8D6E}.Release|ARM64.ActiveCfg = Release|Any CPU
		{7AD20FF1-20C2-48D2-9B73-790393BA8D6E}.Release|ARM64.Build.0 = Release|Any CPU
		{7AD20FF1-20C2-48D2-9B73-790393BA8D6E}.Release|iPhone.ActiveCfg = Release|Any CPU
		{7AD20FF1-20C2-48D2-9B73-790393BA8D6E}.Release|iPhone.Build.0 = Release|Any CPU
		{7AD20FF1-20C2-48D2-9B73-790393BA8D6E}.Release|iPhoneSimulator.ActiveCfg = Release|Any CPU
		{7AD20FF1-20C2-48D2-9B73-790393BA8D6E}.Release|iPhoneSimulator.Build.0 = Release|Any CPU
		{7AD20FF1-20C2-48D2-9B73-790393BA8D6E}.Release|x64.ActiveCfg = Release|Any CPU
		{7AD20FF1-20C2-48D2-9B73-790393BA8D6E}.Release|x64.Build.0 = Release|Any CPU
		{7AD20FF1-20C2-48D2-9B73-790393BA8D6E}.Release|x86.ActiveCfg = Release|Any CPU
		{7AD20FF1-20C2-48D2-9B73-790393BA8D6E}.Release|x86.Build.0 = Release|Any CPU
		{A4577624-6891-475E-BC62-11189D8CDF38}.Ad-Hoc|Any CPU.ActiveCfg = Release|Any CPU
		{A4577624-6891-475E-BC62-11189D8CDF38}.Ad-Hoc|Any CPU.Build.0 = Release|Any CPU
		{A4577624-6891-475E-BC62-11189D8CDF38}.Ad-Hoc|Any CPU.Deploy.0 = Release|Any CPU
		{A4577624-6891-475E-BC62-11189D8CDF38}.Ad-Hoc|ARM.ActiveCfg = Release|Any CPU
		{A4577624-6891-475E-BC62-11189D8CDF38}.Ad-Hoc|ARM.Build.0 = Release|Any CPU
		{A4577624-6891-475E-BC62-11189D8CDF38}.Ad-Hoc|ARM.Deploy.0 = Release|Any CPU
		{A4577624-6891-475E-BC62-11189D8CDF38}.Ad-Hoc|ARM64.ActiveCfg = Release|Any CPU
		{A4577624-6891-475E-BC62-11189D8CDF38}.Ad-Hoc|ARM64.Build.0 = Release|Any CPU
		{A4577624-6891-475E-BC62-11189D8CDF38}.Ad-Hoc|ARM64.Deploy.0 = Release|Any CPU
		{A4577624-6891-475E-BC62-11189D8CDF38}.Ad-Hoc|iPhone.ActiveCfg = Release|Any CPU
		{A4577624-6891-475E-BC62-11189D8CDF38}.Ad-Hoc|iPhone.Build.0 = Release|Any CPU
		{A4577624-6891-475E-BC62-11189D8CDF38}.Ad-Hoc|iPhone.Deploy.0 = Release|Any CPU
		{A4577624-6891-475E-BC62-11189D8CDF38}.Ad-Hoc|iPhoneSimulator.ActiveCfg = Release|Any CPU
		{A4577624-6891-475E-BC62-11189D8CDF38}.Ad-Hoc|iPhoneSimulator.Build.0 = Release|Any CPU
		{A4577624-6891-475E-BC62-11189D8CDF38}.Ad-Hoc|iPhoneSimulator.Deploy.0 = Release|Any CPU
		{A4577624-6891-475E-BC62-11189D8CDF38}.Ad-Hoc|x64.ActiveCfg = Release|Any CPU
		{A4577624-6891-475E-BC62-11189D8CDF38}.Ad-Hoc|x64.Build.0 = Release|Any CPU
		{A4577624-6891-475E-BC62-11189D8CDF38}.Ad-Hoc|x64.Deploy.0 = Release|Any CPU
		{A4577624-6891-475E-BC62-11189D8CDF38}.Ad-Hoc|x86.ActiveCfg = Release|Any CPU
		{A4577624-6891-475E-BC62-11189D8CDF38}.Ad-Hoc|x86.Build.0 = Release|Any CPU
		{A4577624-6891-475E-BC62-11189D8CDF38}.Ad-Hoc|x86.Deploy.0 = Release|Any CPU
		{A4577624-6891-475E-BC62-11189D8CDF38}.AppStore|Any CPU.ActiveCfg = Release|Any CPU
		{A4577624-6891-475E-BC62-11189D8CDF38}.AppStore|Any CPU.Build.0 = Release|Any CPU
		{A4577624-6891-475E-BC62-11189D8CDF38}.AppStore|Any CPU.Deploy.0 = Release|Any CPU
		{A4577624-6891-475E-BC62-11189D8CDF38}.AppStore|ARM.ActiveCfg = Release|Any CPU
		{A4577624-6891-475E-BC62-11189D8CDF38}.AppStore|ARM.Build.0 = Release|Any CPU
		{A4577624-6891-475E-BC62-11189D8CDF38}.AppStore|ARM.Deploy.0 = Release|Any CPU
		{A4577624-6891-475E-BC62-11189D8CDF38}.AppStore|ARM64.ActiveCfg = Release|Any CPU
		{A4577624-6891-475E-BC62-11189D8CDF38}.AppStore|ARM64.Build.0 = Release|Any CPU
		{A4577624-6891-475E-BC62-11189D8CDF38}.AppStore|ARM64.Deploy.0 = Release|Any CPU
		{A4577624-6891-475E-BC62-11189D8CDF38}.AppStore|iPhone.ActiveCfg = Release|Any CPU
		{A4577624-6891-475E-BC62-11189D8CDF38}.AppStore|iPhone.Build.0 = Release|Any CPU
		{A4577624-6891-475E-BC62-11189D8CDF38}.AppStore|iPhone.Deploy.0 = Release|Any CPU
		{A4577624-6891-475E-BC62-11189D8CDF38}.AppStore|iPhoneSimulator.ActiveCfg = Release|Any CPU
		{A4577624-6891-475E-BC62-11189D8CDF38}.AppStore|iPhoneSimulator.Build.0 = Release|Any CPU
		{A4577624-6891-475E-BC62-11189D8CDF38}.AppStore|iPhoneSimulator.Deploy.0 = Release|Any CPU
		{A4577624-6891-475E-BC62-11189D8CDF38}.AppStore|x64.ActiveCfg = Release|Any CPU
		{A4577624-6891-475E-BC62-11189D8CDF38}.AppStore|x64.Build.0 = Release|Any CPU
		{A4577624-6891-475E-BC62-11189D8CDF38}.AppStore|x64.Deploy.0 = Release|Any CPU
		{A4577624-6891-475E-BC62-11189D8CDF38}.AppStore|x86.ActiveCfg = Release|Any CPU
		{A4577624-6891-475E-BC62-11189D8CDF38}.AppStore|x86.Build.0 = Release|Any CPU
		{A4577624-6891-475E-BC62-11189D8CDF38}.AppStore|x86.Deploy.0 = Release|Any CPU
		{A4577624-6891-475E-BC62-11189D8CDF38}.Debug|Any CPU.ActiveCfg = Debug|Any CPU
		{A4577624-6891-475E-BC62-11189D8CDF38}.Debug|Any CPU.Build.0 = Debug|Any CPU
		{A4577624-6891-475E-BC62-11189D8CDF38}.Debug|Any CPU.Deploy.0 = Debug|Any CPU
		{A4577624-6891-475E-BC62-11189D8CDF38}.Debug|ARM.ActiveCfg = Debug|Any CPU
		{A4577624-6891-475E-BC62-11189D8CDF38}.Debug|ARM.Build.0 = Debug|Any CPU
		{A4577624-6891-475E-BC62-11189D8CDF38}.Debug|ARM.Deploy.0 = Debug|Any CPU
		{A4577624-6891-475E-BC62-11189D8CDF38}.Debug|ARM64.ActiveCfg = Debug|Any CPU
		{A4577624-6891-475E-BC62-11189D8CDF38}.Debug|ARM64.Build.0 = Debug|Any CPU
		{A4577624-6891-475E-BC62-11189D8CDF38}.Debug|ARM64.Deploy.0 = Debug|Any CPU
		{A4577624-6891-475E-BC62-11189D8CDF38}.Debug|iPhone.ActiveCfg = Debug|Any CPU
		{A4577624-6891-475E-BC62-11189D8CDF38}.Debug|iPhone.Build.0 = Debug|Any CPU
		{A4577624-6891-475E-BC62-11189D8CDF38}.Debug|iPhone.Deploy.0 = Debug|Any CPU
		{A4577624-6891-475E-BC62-11189D8CDF38}.Debug|iPhoneSimulator.ActiveCfg = Debug|Any CPU
		{A4577624-6891-475E-BC62-11189D8CDF38}.Debug|iPhoneSimulator.Build.0 = Debug|Any CPU
		{A4577624-6891-475E-BC62-11189D8CDF38}.Debug|iPhoneSimulator.Deploy.0 = Debug|Any CPU
		{A4577624-6891-475E-BC62-11189D8CDF38}.Debug|x64.ActiveCfg = Debug|Any CPU
		{A4577624-6891-475E-BC62-11189D8CDF38}.Debug|x64.Build.0 = Debug|Any CPU
		{A4577624-6891-475E-BC62-11189D8CDF38}.Debug|x64.Deploy.0 = Debug|Any CPU
		{A4577624-6891-475E-BC62-11189D8CDF38}.Debug|x86.ActiveCfg = Debug|Any CPU
		{A4577624-6891-475E-BC62-11189D8CDF38}.Debug|x86.Build.0 = Debug|Any CPU
		{A4577624-6891-475E-BC62-11189D8CDF38}.Debug|x86.Deploy.0 = Debug|Any CPU
		{A4577624-6891-475E-BC62-11189D8CDF38}.Release|Any CPU.ActiveCfg = Release|Any CPU
		{A4577624-6891-475E-BC62-11189D8CDF38}.Release|Any CPU.Build.0 = Release|Any CPU
		{A4577624-6891-475E-BC62-11189D8CDF38}.Release|Any CPU.Deploy.0 = Release|Any CPU
		{A4577624-6891-475E-BC62-11189D8CDF38}.Release|ARM.ActiveCfg = Release|Any CPU
		{A4577624-6891-475E-BC62-11189D8CDF38}.Release|ARM.Build.0 = Release|Any CPU
		{A4577624-6891-475E-BC62-11189D8CDF38}.Release|ARM.Deploy.0 = Release|Any CPU
		{A4577624-6891-475E-BC62-11189D8CDF38}.Release|ARM64.ActiveCfg = Release|Any CPU
		{A4577624-6891-475E-BC62-11189D8CDF38}.Release|ARM64.Build.0 = Release|Any CPU
		{A4577624-6891-475E-BC62-11189D8CDF38}.Release|ARM64.Deploy.0 = Release|Any CPU
		{A4577624-6891-475E-BC62-11189D8CDF38}.Release|iPhone.ActiveCfg = Release|Any CPU
		{A4577624-6891-475E-BC62-11189D8CDF38}.Release|iPhone.Build.0 = Release|Any CPU
		{A4577624-6891-475E-BC62-11189D8CDF38}.Release|iPhone.Deploy.0 = Release|Any CPU
		{A4577624-6891-475E-BC62-11189D8CDF38}.Release|iPhoneSimulator.ActiveCfg = Release|Any CPU
		{A4577624-6891-475E-BC62-11189D8CDF38}.Release|iPhoneSimulator.Build.0 = Release|Any CPU
		{A4577624-6891-475E-BC62-11189D8CDF38}.Release|iPhoneSimulator.Deploy.0 = Release|Any CPU
		{A4577624-6891-475E-BC62-11189D8CDF38}.Release|x64.ActiveCfg = Release|Any CPU
		{A4577624-6891-475E-BC62-11189D8CDF38}.Release|x64.Build.0 = Release|Any CPU
		{A4577624-6891-475E-BC62-11189D8CDF38}.Release|x64.Deploy.0 = Release|Any CPU
		{A4577624-6891-475E-BC62-11189D8CDF38}.Release|x86.ActiveCfg = Release|Any CPU
		{A4577624-6891-475E-BC62-11189D8CDF38}.Release|x86.Build.0 = Release|Any CPU
		{A4577624-6891-475E-BC62-11189D8CDF38}.Release|x86.Deploy.0 = Release|Any CPU
		{7E9175BB-807E-4855-833D-AF5AEED133B9}.Ad-Hoc|Any CPU.ActiveCfg = Release|Any CPU
		{7E9175BB-807E-4855-833D-AF5AEED133B9}.Ad-Hoc|Any CPU.Build.0 = Release|Any CPU
		{7E9175BB-807E-4855-833D-AF5AEED133B9}.Ad-Hoc|ARM.ActiveCfg = Release|Any CPU
		{7E9175BB-807E-4855-833D-AF5AEED133B9}.Ad-Hoc|ARM.Build.0 = Release|Any CPU
		{7E9175BB-807E-4855-833D-AF5AEED133B9}.Ad-Hoc|ARM64.ActiveCfg = Release|Any CPU
		{7E9175BB-807E-4855-833D-AF5AEED133B9}.Ad-Hoc|ARM64.Build.0 = Release|Any CPU
		{7E9175BB-807E-4855-833D-AF5AEED133B9}.Ad-Hoc|iPhone.ActiveCfg = Release|Any CPU
		{7E9175BB-807E-4855-833D-AF5AEED133B9}.Ad-Hoc|iPhone.Build.0 = Release|Any CPU
		{7E9175BB-807E-4855-833D-AF5AEED133B9}.Ad-Hoc|iPhoneSimulator.ActiveCfg = Release|Any CPU
		{7E9175BB-807E-4855-833D-AF5AEED133B9}.Ad-Hoc|iPhoneSimulator.Build.0 = Release|Any CPU
		{7E9175BB-807E-4855-833D-AF5AEED133B9}.Ad-Hoc|x64.ActiveCfg = Release|Any CPU
		{7E9175BB-807E-4855-833D-AF5AEED133B9}.Ad-Hoc|x64.Build.0 = Release|Any CPU
		{7E9175BB-807E-4855-833D-AF5AEED133B9}.Ad-Hoc|x86.ActiveCfg = Release|Any CPU
		{7E9175BB-807E-4855-833D-AF5AEED133B9}.Ad-Hoc|x86.Build.0 = Release|Any CPU
		{7E9175BB-807E-4855-833D-AF5AEED133B9}.AppStore|Any CPU.ActiveCfg = Release|Any CPU
		{7E9175BB-807E-4855-833D-AF5AEED133B9}.AppStore|Any CPU.Build.0 = Release|Any CPU
		{7E9175BB-807E-4855-833D-AF5AEED133B9}.AppStore|ARM.ActiveCfg = Release|Any CPU
		{7E9175BB-807E-4855-833D-AF5AEED133B9}.AppStore|ARM.Build.0 = Release|Any CPU
		{7E9175BB-807E-4855-833D-AF5AEED133B9}.AppStore|ARM64.ActiveCfg = Release|Any CPU
		{7E9175BB-807E-4855-833D-AF5AEED133B9}.AppStore|ARM64.Build.0 = Release|Any CPU
		{7E9175BB-807E-4855-833D-AF5AEED133B9}.AppStore|iPhone.ActiveCfg = Release|Any CPU
		{7E9175BB-807E-4855-833D-AF5AEED133B9}.AppStore|iPhone.Build.0 = Release|Any CPU
		{7E9175BB-807E-4855-833D-AF5AEED133B9}.AppStore|iPhoneSimulator.ActiveCfg = Release|Any CPU
		{7E9175BB-807E-4855-833D-AF5AEED133B9}.AppStore|iPhoneSimulator.Build.0 = Release|Any CPU
		{7E9175BB-807E-4855-833D-AF5AEED133B9}.AppStore|x64.ActiveCfg = Release|Any CPU
		{7E9175BB-807E-4855-833D-AF5AEED133B9}.AppStore|x64.Build.0 = Release|Any CPU
		{7E9175BB-807E-4855-833D-AF5AEED133B9}.AppStore|x86.ActiveCfg = Release|Any CPU
		{7E9175BB-807E-4855-833D-AF5AEED133B9}.AppStore|x86.Build.0 = Release|Any CPU
		{7E9175BB-807E-4855-833D-AF5AEED133B9}.Debug|Any CPU.ActiveCfg = Debug|Any CPU
		{7E9175BB-807E-4855-833D-AF5AEED133B9}.Debug|Any CPU.Build.0 = Debug|Any CPU
		{7E9175BB-807E-4855-833D-AF5AEED133B9}.Debug|ARM.ActiveCfg = Debug|Any CPU
		{7E9175BB-807E-4855-833D-AF5AEED133B9}.Debug|ARM.Build.0 = Debug|Any CPU
		{7E9175BB-807E-4855-833D-AF5AEED133B9}.Debug|ARM64.ActiveCfg = Debug|Any CPU
		{7E9175BB-807E-4855-833D-AF5AEED133B9}.Debug|ARM64.Build.0 = Debug|Any CPU
		{7E9175BB-807E-4855-833D-AF5AEED133B9}.Debug|iPhone.ActiveCfg = Debug|Any CPU
		{7E9175BB-807E-4855-833D-AF5AEED133B9}.Debug|iPhone.Build.0 = Debug|Any CPU
		{7E9175BB-807E-4855-833D-AF5AEED133B9}.Debug|iPhoneSimulator.ActiveCfg = Debug|Any CPU
		{7E9175BB-807E-4855-833D-AF5AEED133B9}.Debug|iPhoneSimulator.Build.0 = Debug|Any CPU
		{7E9175BB-807E-4855-833D-AF5AEED133B9}.Debug|x64.ActiveCfg = Debug|Any CPU
		{7E9175BB-807E-4855-833D-AF5AEED133B9}.Debug|x64.Build.0 = Debug|Any CPU
		{7E9175BB-807E-4855-833D-AF5AEED133B9}.Debug|x86.ActiveCfg = Debug|Any CPU
		{7E9175BB-807E-4855-833D-AF5AEED133B9}.Debug|x86.Build.0 = Debug|Any CPU
		{7E9175BB-807E-4855-833D-AF5AEED133B9}.Release|Any CPU.ActiveCfg = Release|Any CPU
		{7E9175BB-807E-4855-833D-AF5AEED133B9}.Release|Any CPU.Build.0 = Release|Any CPU
		{7E9175BB-807E-4855-833D-AF5AEED133B9}.Release|ARM.ActiveCfg = Release|Any CPU
		{7E9175BB-807E-4855-833D-AF5AEED133B9}.Release|ARM.Build.0 = Release|Any CPU
		{7E9175BB-807E-4855-833D-AF5AEED133B9}.Release|ARM64.ActiveCfg = Release|Any CPU
		{7E9175BB-807E-4855-833D-AF5AEED133B9}.Release|ARM64.Build.0 = Release|Any CPU
		{7E9175BB-807E-4855-833D-AF5AEED133B9}.Release|iPhone.ActiveCfg = Release|Any CPU
		{7E9175BB-807E-4855-833D-AF5AEED133B9}.Release|iPhone.Build.0 = Release|Any CPU
		{7E9175BB-807E-4855-833D-AF5AEED133B9}.Release|iPhoneSimulator.ActiveCfg = Release|Any CPU
		{7E9175BB-807E-4855-833D-AF5AEED133B9}.Release|iPhoneSimulator.Build.0 = Release|Any CPU
		{7E9175BB-807E-4855-833D-AF5AEED133B9}.Release|x64.ActiveCfg = Release|Any CPU
		{7E9175BB-807E-4855-833D-AF5AEED133B9}.Release|x64.Build.0 = Release|Any CPU
		{7E9175BB-807E-4855-833D-AF5AEED133B9}.Release|x86.ActiveCfg = Release|Any CPU
		{7E9175BB-807E-4855-833D-AF5AEED133B9}.Release|x86.Build.0 = Release|Any CPU
		{49E231F2-0B4B-425C-8324-AE26A510BD0B}.Ad-Hoc|Any CPU.ActiveCfg = Release|Any CPU
		{49E231F2-0B4B-425C-8324-AE26A510BD0B}.Ad-Hoc|Any CPU.Build.0 = Release|Any CPU
		{49E231F2-0B4B-425C-8324-AE26A510BD0B}.Ad-Hoc|Any CPU.Deploy.0 = Release|Any CPU
		{49E231F2-0B4B-425C-8324-AE26A510BD0B}.Ad-Hoc|ARM.ActiveCfg = Release|Any CPU
		{49E231F2-0B4B-425C-8324-AE26A510BD0B}.Ad-Hoc|ARM.Build.0 = Release|Any CPU
		{49E231F2-0B4B-425C-8324-AE26A510BD0B}.Ad-Hoc|ARM.Deploy.0 = Release|Any CPU
		{49E231F2-0B4B-425C-8324-AE26A510BD0B}.Ad-Hoc|ARM64.ActiveCfg = Release|Any CPU
		{49E231F2-0B4B-425C-8324-AE26A510BD0B}.Ad-Hoc|ARM64.Build.0 = Release|Any CPU
		{49E231F2-0B4B-425C-8324-AE26A510BD0B}.Ad-Hoc|ARM64.Deploy.0 = Release|Any CPU
		{49E231F2-0B4B-425C-8324-AE26A510BD0B}.Ad-Hoc|iPhone.ActiveCfg = Release|Any CPU
		{49E231F2-0B4B-425C-8324-AE26A510BD0B}.Ad-Hoc|iPhone.Build.0 = Release|Any CPU
		{49E231F2-0B4B-425C-8324-AE26A510BD0B}.Ad-Hoc|iPhone.Deploy.0 = Release|Any CPU
		{49E231F2-0B4B-425C-8324-AE26A510BD0B}.Ad-Hoc|iPhoneSimulator.ActiveCfg = Release|Any CPU
		{49E231F2-0B4B-425C-8324-AE26A510BD0B}.Ad-Hoc|iPhoneSimulator.Build.0 = Release|Any CPU
		{49E231F2-0B4B-425C-8324-AE26A510BD0B}.Ad-Hoc|iPhoneSimulator.Deploy.0 = Release|Any CPU
		{49E231F2-0B4B-425C-8324-AE26A510BD0B}.Ad-Hoc|x64.ActiveCfg = Release|Any CPU
		{49E231F2-0B4B-425C-8324-AE26A510BD0B}.Ad-Hoc|x64.Build.0 = Release|Any CPU
		{49E231F2-0B4B-425C-8324-AE26A510BD0B}.Ad-Hoc|x64.Deploy.0 = Release|Any CPU
		{49E231F2-0B4B-425C-8324-AE26A510BD0B}.Ad-Hoc|x86.ActiveCfg = Release|Any CPU
		{49E231F2-0B4B-425C-8324-AE26A510BD0B}.Ad-Hoc|x86.Build.0 = Release|Any CPU
		{49E231F2-0B4B-425C-8324-AE26A510BD0B}.Ad-Hoc|x86.Deploy.0 = Release|Any CPU
		{49E231F2-0B4B-425C-8324-AE26A510BD0B}.AppStore|Any CPU.ActiveCfg = Release|Any CPU
		{49E231F2-0B4B-425C-8324-AE26A510BD0B}.AppStore|Any CPU.Build.0 = Release|Any CPU
		{49E231F2-0B4B-425C-8324-AE26A510BD0B}.AppStore|Any CPU.Deploy.0 = Release|Any CPU
		{49E231F2-0B4B-425C-8324-AE26A510BD0B}.AppStore|ARM.ActiveCfg = Release|Any CPU
		{49E231F2-0B4B-425C-8324-AE26A510BD0B}.AppStore|ARM.Build.0 = Release|Any CPU
		{49E231F2-0B4B-425C-8324-AE26A510BD0B}.AppStore|ARM.Deploy.0 = Release|Any CPU
		{49E231F2-0B4B-425C-8324-AE26A510BD0B}.AppStore|ARM64.ActiveCfg = Release|Any CPU
		{49E231F2-0B4B-425C-8324-AE26A510BD0B}.AppStore|ARM64.Build.0 = Release|Any CPU
		{49E231F2-0B4B-425C-8324-AE26A510BD0B}.AppStore|ARM64.Deploy.0 = Release|Any CPU
		{49E231F2-0B4B-425C-8324-AE26A510BD0B}.AppStore|iPhone.ActiveCfg = Release|Any CPU
		{49E231F2-0B4B-425C-8324-AE26A510BD0B}.AppStore|iPhone.Build.0 = Release|Any CPU
		{49E231F2-0B4B-425C-8324-AE26A510BD0B}.AppStore|iPhone.Deploy.0 = Release|Any CPU
		{49E231F2-0B4B-425C-8324-AE26A510BD0B}.AppStore|iPhoneSimulator.ActiveCfg = Release|Any CPU
		{49E231F2-0B4B-425C-8324-AE26A510BD0B}.AppStore|iPhoneSimulator.Build.0 = Release|Any CPU
		{49E231F2-0B4B-425C-8324-AE26A510BD0B}.AppStore|iPhoneSimulator.Deploy.0 = Release|Any CPU
		{49E231F2-0B4B-425C-8324-AE26A510BD0B}.AppStore|x64.ActiveCfg = Release|Any CPU
		{49E231F2-0B4B-425C-8324-AE26A510BD0B}.AppStore|x64.Build.0 = Release|Any CPU
		{49E231F2-0B4B-425C-8324-AE26A510BD0B}.AppStore|x64.Deploy.0 = Release|Any CPU
		{49E231F2-0B4B-425C-8324-AE26A510BD0B}.AppStore|x86.ActiveCfg = Release|Any CPU
		{49E231F2-0B4B-425C-8324-AE26A510BD0B}.AppStore|x86.Build.0 = Release|Any CPU
		{49E231F2-0B4B-425C-8324-AE26A510BD0B}.AppStore|x86.Deploy.0 = Release|Any CPU
		{49E231F2-0B4B-425C-8324-AE26A510BD0B}.Debug|Any CPU.ActiveCfg = Debug|Any CPU
		{49E231F2-0B4B-425C-8324-AE26A510BD0B}.Debug|Any CPU.Build.0 = Debug|Any CPU
		{49E231F2-0B4B-425C-8324-AE26A510BD0B}.Debug|Any CPU.Deploy.0 = Debug|Any CPU
		{49E231F2-0B4B-425C-8324-AE26A510BD0B}.Debug|ARM.ActiveCfg = Debug|Any CPU
		{49E231F2-0B4B-425C-8324-AE26A510BD0B}.Debug|ARM.Build.0 = Debug|Any CPU
		{49E231F2-0B4B-425C-8324-AE26A510BD0B}.Debug|ARM.Deploy.0 = Debug|Any CPU
		{49E231F2-0B4B-425C-8324-AE26A510BD0B}.Debug|ARM64.ActiveCfg = Debug|Any CPU
		{49E231F2-0B4B-425C-8324-AE26A510BD0B}.Debug|ARM64.Build.0 = Debug|Any CPU
		{49E231F2-0B4B-425C-8324-AE26A510BD0B}.Debug|ARM64.Deploy.0 = Debug|Any CPU
		{49E231F2-0B4B-425C-8324-AE26A510BD0B}.Debug|iPhone.ActiveCfg = Debug|Any CPU
		{49E231F2-0B4B-425C-8324-AE26A510BD0B}.Debug|iPhone.Build.0 = Debug|Any CPU
		{49E231F2-0B4B-425C-8324-AE26A510BD0B}.Debug|iPhone.Deploy.0 = Debug|Any CPU
		{49E231F2-0B4B-425C-8324-AE26A510BD0B}.Debug|iPhoneSimulator.ActiveCfg = Debug|Any CPU
		{49E231F2-0B4B-425C-8324-AE26A510BD0B}.Debug|iPhoneSimulator.Build.0 = Debug|Any CPU
		{49E231F2-0B4B-425C-8324-AE26A510BD0B}.Debug|iPhoneSimulator.Deploy.0 = Debug|Any CPU
		{49E231F2-0B4B-425C-8324-AE26A510BD0B}.Debug|x64.ActiveCfg = Debug|Any CPU
		{49E231F2-0B4B-425C-8324-AE26A510BD0B}.Debug|x64.Build.0 = Debug|Any CPU
		{49E231F2-0B4B-425C-8324-AE26A510BD0B}.Debug|x64.Deploy.0 = Debug|Any CPU
		{49E231F2-0B4B-425C-8324-AE26A510BD0B}.Debug|x86.ActiveCfg = Debug|Any CPU
		{49E231F2-0B4B-425C-8324-AE26A510BD0B}.Debug|x86.Build.0 = Debug|Any CPU
		{49E231F2-0B4B-425C-8324-AE26A510BD0B}.Debug|x86.Deploy.0 = Debug|Any CPU
		{49E231F2-0B4B-425C-8324-AE26A510BD0B}.Release|Any CPU.ActiveCfg = Release|Any CPU
		{49E231F2-0B4B-425C-8324-AE26A510BD0B}.Release|Any CPU.Build.0 = Release|Any CPU
		{49E231F2-0B4B-425C-8324-AE26A510BD0B}.Release|Any CPU.Deploy.0 = Release|Any CPU
		{49E231F2-0B4B-425C-8324-AE26A510BD0B}.Release|ARM.ActiveCfg = Release|Any CPU
		{49E231F2-0B4B-425C-8324-AE26A510BD0B}.Release|ARM.Build.0 = Release|Any CPU
		{49E231F2-0B4B-425C-8324-AE26A510BD0B}.Release|ARM.Deploy.0 = Release|Any CPU
		{49E231F2-0B4B-425C-8324-AE26A510BD0B}.Release|ARM64.ActiveCfg = Release|Any CPU
		{49E231F2-0B4B-425C-8324-AE26A510BD0B}.Release|ARM64.Build.0 = Release|Any CPU
		{49E231F2-0B4B-425C-8324-AE26A510BD0B}.Release|ARM64.Deploy.0 = Release|Any CPU
		{49E231F2-0B4B-425C-8324-AE26A510BD0B}.Release|iPhone.ActiveCfg = Release|Any CPU
		{49E231F2-0B4B-425C-8324-AE26A510BD0B}.Release|iPhone.Build.0 = Release|Any CPU
		{49E231F2-0B4B-425C-8324-AE26A510BD0B}.Release|iPhone.Deploy.0 = Release|Any CPU
		{49E231F2-0B4B-425C-8324-AE26A510BD0B}.Release|iPhoneSimulator.ActiveCfg = Release|Any CPU
		{49E231F2-0B4B-425C-8324-AE26A510BD0B}.Release|iPhoneSimulator.Build.0 = Release|Any CPU
		{49E231F2-0B4B-425C-8324-AE26A510BD0B}.Release|iPhoneSimulator.Deploy.0 = Release|Any CPU
		{49E231F2-0B4B-425C-8324-AE26A510BD0B}.Release|x64.ActiveCfg = Release|Any CPU
		{49E231F2-0B4B-425C-8324-AE26A510BD0B}.Release|x64.Build.0 = Release|Any CPU
		{49E231F2-0B4B-425C-8324-AE26A510BD0B}.Release|x64.Deploy.0 = Release|Any CPU
		{49E231F2-0B4B-425C-8324-AE26A510BD0B}.Release|x86.ActiveCfg = Release|Any CPU
		{49E231F2-0B4B-425C-8324-AE26A510BD0B}.Release|x86.Build.0 = Release|Any CPU
		{49E231F2-0B4B-425C-8324-AE26A510BD0B}.Release|x86.Deploy.0 = Release|Any CPU
		{3B277B07-8FC9-4DE5-9861-3B53D5DCC32B}.Ad-Hoc|Any CPU.ActiveCfg = Release|Any CPU
		{3B277B07-8FC9-4DE5-9861-3B53D5DCC32B}.Ad-Hoc|Any CPU.Build.0 = Release|Any CPU
		{3B277B07-8FC9-4DE5-9861-3B53D5DCC32B}.Ad-Hoc|ARM.ActiveCfg = Release|Any CPU
		{3B277B07-8FC9-4DE5-9861-3B53D5DCC32B}.Ad-Hoc|ARM.Build.0 = Release|Any CPU
		{3B277B07-8FC9-4DE5-9861-3B53D5DCC32B}.Ad-Hoc|ARM64.ActiveCfg = Release|Any CPU
		{3B277B07-8FC9-4DE5-9861-3B53D5DCC32B}.Ad-Hoc|ARM64.Build.0 = Release|Any CPU
		{3B277B07-8FC9-4DE5-9861-3B53D5DCC32B}.Ad-Hoc|iPhone.ActiveCfg = Release|Any CPU
		{3B277B07-8FC9-4DE5-9861-3B53D5DCC32B}.Ad-Hoc|iPhone.Build.0 = Release|Any CPU
		{3B277B07-8FC9-4DE5-9861-3B53D5DCC32B}.Ad-Hoc|iPhoneSimulator.ActiveCfg = Release|Any CPU
		{3B277B07-8FC9-4DE5-9861-3B53D5DCC32B}.Ad-Hoc|iPhoneSimulator.Build.0 = Release|Any CPU
		{3B277B07-8FC9-4DE5-9861-3B53D5DCC32B}.Ad-Hoc|x64.ActiveCfg = Release|Any CPU
		{3B277B07-8FC9-4DE5-9861-3B53D5DCC32B}.Ad-Hoc|x64.Build.0 = Release|Any CPU
		{3B277B07-8FC9-4DE5-9861-3B53D5DCC32B}.Ad-Hoc|x86.ActiveCfg = Release|Any CPU
		{3B277B07-8FC9-4DE5-9861-3B53D5DCC32B}.Ad-Hoc|x86.Build.0 = Release|Any CPU
		{3B277B07-8FC9-4DE5-9861-3B53D5DCC32B}.AppStore|Any CPU.ActiveCfg = Release|Any CPU
		{3B277B07-8FC9-4DE5-9861-3B53D5DCC32B}.AppStore|Any CPU.Build.0 = Release|Any CPU
		{3B277B07-8FC9-4DE5-9861-3B53D5DCC32B}.AppStore|ARM.ActiveCfg = Release|Any CPU
		{3B277B07-8FC9-4DE5-9861-3B53D5DCC32B}.AppStore|ARM.Build.0 = Release|Any CPU
		{3B277B07-8FC9-4DE5-9861-3B53D5DCC32B}.AppStore|ARM64.ActiveCfg = Release|Any CPU
		{3B277B07-8FC9-4DE5-9861-3B53D5DCC32B}.AppStore|ARM64.Build.0 = Release|Any CPU
		{3B277B07-8FC9-4DE5-9861-3B53D5DCC32B}.AppStore|iPhone.ActiveCfg = Release|Any CPU
		{3B277B07-8FC9-4DE5-9861-3B53D5DCC32B}.AppStore|iPhone.Build.0 = Release|Any CPU
		{3B277B07-8FC9-4DE5-9861-3B53D5DCC32B}.AppStore|iPhoneSimulator.ActiveCfg = Release|Any CPU
		{3B277B07-8FC9-4DE5-9861-3B53D5DCC32B}.AppStore|iPhoneSimulator.Build.0 = Release|Any CPU
		{3B277B07-8FC9-4DE5-9861-3B53D5DCC32B}.AppStore|x64.ActiveCfg = Release|Any CPU
		{3B277B07-8FC9-4DE5-9861-3B53D5DCC32B}.AppStore|x64.Build.0 = Release|Any CPU
		{3B277B07-8FC9-4DE5-9861-3B53D5DCC32B}.AppStore|x86.ActiveCfg = Release|Any CPU
		{3B277B07-8FC9-4DE5-9861-3B53D5DCC32B}.AppStore|x86.Build.0 = Release|Any CPU
		{3B277B07-8FC9-4DE5-9861-3B53D5DCC32B}.Debug|Any CPU.ActiveCfg = Debug|Any CPU
		{3B277B07-8FC9-4DE5-9861-3B53D5DCC32B}.Debug|Any CPU.Build.0 = Debug|Any CPU
		{3B277B07-8FC9-4DE5-9861-3B53D5DCC32B}.Debug|ARM.ActiveCfg = Debug|Any CPU
		{3B277B07-8FC9-4DE5-9861-3B53D5DCC32B}.Debug|ARM.Build.0 = Debug|Any CPU
		{3B277B07-8FC9-4DE5-9861-3B53D5DCC32B}.Debug|ARM64.ActiveCfg = Debug|Any CPU
		{3B277B07-8FC9-4DE5-9861-3B53D5DCC32B}.Debug|ARM64.Build.0 = Debug|Any CPU
		{3B277B07-8FC9-4DE5-9861-3B53D5DCC32B}.Debug|iPhone.ActiveCfg = Debug|Any CPU
		{3B277B07-8FC9-4DE5-9861-3B53D5DCC32B}.Debug|iPhone.Build.0 = Debug|Any CPU
		{3B277B07-8FC9-4DE5-9861-3B53D5DCC32B}.Debug|iPhoneSimulator.ActiveCfg = Debug|Any CPU
		{3B277B07-8FC9-4DE5-9861-3B53D5DCC32B}.Debug|iPhoneSimulator.Build.0 = Debug|Any CPU
		{3B277B07-8FC9-4DE5-9861-3B53D5DCC32B}.Debug|x64.ActiveCfg = Debug|Any CPU
		{3B277B07-8FC9-4DE5-9861-3B53D5DCC32B}.Debug|x64.Build.0 = Debug|Any CPU
		{3B277B07-8FC9-4DE5-9861-3B53D5DCC32B}.Debug|x86.ActiveCfg = Debug|Any CPU
		{3B277B07-8FC9-4DE5-9861-3B53D5DCC32B}.Debug|x86.Build.0 = Debug|Any CPU
		{3B277B07-8FC9-4DE5-9861-3B53D5DCC32B}.Release|Any CPU.ActiveCfg = Release|Any CPU
		{3B277B07-8FC9-4DE5-9861-3B53D5DCC32B}.Release|Any CPU.Build.0 = Release|Any CPU
		{3B277B07-8FC9-4DE5-9861-3B53D5DCC32B}.Release|ARM.ActiveCfg = Release|Any CPU
		{3B277B07-8FC9-4DE5-9861-3B53D5DCC32B}.Release|ARM.Build.0 = Release|Any CPU
		{3B277B07-8FC9-4DE5-9861-3B53D5DCC32B}.Release|ARM64.ActiveCfg = Release|Any CPU
		{3B277B07-8FC9-4DE5-9861-3B53D5DCC32B}.Release|ARM64.Build.0 = Release|Any CPU
		{3B277B07-8FC9-4DE5-9861-3B53D5DCC32B}.Release|iPhone.ActiveCfg = Release|Any CPU
		{3B277B07-8FC9-4DE5-9861-3B53D5DCC32B}.Release|iPhone.Build.0 = Release|Any CPU
		{3B277B07-8FC9-4DE5-9861-3B53D5DCC32B}.Release|iPhoneSimulator.ActiveCfg = Release|Any CPU
		{3B277B07-8FC9-4DE5-9861-3B53D5DCC32B}.Release|iPhoneSimulator.Build.0 = Release|Any CPU
		{3B277B07-8FC9-4DE5-9861-3B53D5DCC32B}.Release|x64.ActiveCfg = Release|Any CPU
		{3B277B07-8FC9-4DE5-9861-3B53D5DCC32B}.Release|x64.Build.0 = Release|Any CPU
		{3B277B07-8FC9-4DE5-9861-3B53D5DCC32B}.Release|x86.ActiveCfg = Release|Any CPU
		{3B277B07-8FC9-4DE5-9861-3B53D5DCC32B}.Release|x86.Build.0 = Release|Any CPU
		{0B73031C-0121-49BE-B0DF-3D4067596B6E}.Ad-Hoc|Any CPU.ActiveCfg = Release|x86
		{0B73031C-0121-49BE-B0DF-3D4067596B6E}.Ad-Hoc|Any CPU.Build.0 = Release|x86
		{0B73031C-0121-49BE-B0DF-3D4067596B6E}.Ad-Hoc|Any CPU.Deploy.0 = Release|x86
		{0B73031C-0121-49BE-B0DF-3D4067596B6E}.Ad-Hoc|ARM.ActiveCfg = Release|ARM
		{0B73031C-0121-49BE-B0DF-3D4067596B6E}.Ad-Hoc|ARM.Build.0 = Release|ARM
		{0B73031C-0121-49BE-B0DF-3D4067596B6E}.Ad-Hoc|ARM.Deploy.0 = Release|ARM
		{0B73031C-0121-49BE-B0DF-3D4067596B6E}.Ad-Hoc|ARM64.ActiveCfg = Release|x86
		{0B73031C-0121-49BE-B0DF-3D4067596B6E}.Ad-Hoc|ARM64.Build.0 = Release|x86
		{0B73031C-0121-49BE-B0DF-3D4067596B6E}.Ad-Hoc|ARM64.Deploy.0 = Release|x86
		{0B73031C-0121-49BE-B0DF-3D4067596B6E}.Ad-Hoc|iPhone.ActiveCfg = Release|x86
		{0B73031C-0121-49BE-B0DF-3D4067596B6E}.Ad-Hoc|iPhone.Build.0 = Release|x86
		{0B73031C-0121-49BE-B0DF-3D4067596B6E}.Ad-Hoc|iPhone.Deploy.0 = Release|x86
		{0B73031C-0121-49BE-B0DF-3D4067596B6E}.Ad-Hoc|iPhoneSimulator.ActiveCfg = Release|x86
		{0B73031C-0121-49BE-B0DF-3D4067596B6E}.Ad-Hoc|iPhoneSimulator.Build.0 = Release|x86
		{0B73031C-0121-49BE-B0DF-3D4067596B6E}.Ad-Hoc|iPhoneSimulator.Deploy.0 = Release|x86
		{0B73031C-0121-49BE-B0DF-3D4067596B6E}.Ad-Hoc|x64.ActiveCfg = Release|x64
		{0B73031C-0121-49BE-B0DF-3D4067596B6E}.Ad-Hoc|x64.Build.0 = Release|x64
		{0B73031C-0121-49BE-B0DF-3D4067596B6E}.Ad-Hoc|x64.Deploy.0 = Release|x64
		{0B73031C-0121-49BE-B0DF-3D4067596B6E}.Ad-Hoc|x86.ActiveCfg = Release|x86
		{0B73031C-0121-49BE-B0DF-3D4067596B6E}.Ad-Hoc|x86.Build.0 = Release|x86
		{0B73031C-0121-49BE-B0DF-3D4067596B6E}.Ad-Hoc|x86.Deploy.0 = Release|x86
		{0B73031C-0121-49BE-B0DF-3D4067596B6E}.AppStore|Any CPU.ActiveCfg = Release|x86
		{0B73031C-0121-49BE-B0DF-3D4067596B6E}.AppStore|Any CPU.Build.0 = Release|x86
		{0B73031C-0121-49BE-B0DF-3D4067596B6E}.AppStore|Any CPU.Deploy.0 = Release|x86
		{0B73031C-0121-49BE-B0DF-3D4067596B6E}.AppStore|ARM.ActiveCfg = Release|ARM
		{0B73031C-0121-49BE-B0DF-3D4067596B6E}.AppStore|ARM.Build.0 = Release|ARM
		{0B73031C-0121-49BE-B0DF-3D4067596B6E}.AppStore|ARM.Deploy.0 = Release|ARM
		{0B73031C-0121-49BE-B0DF-3D4067596B6E}.AppStore|ARM64.ActiveCfg = Release|x86
		{0B73031C-0121-49BE-B0DF-3D4067596B6E}.AppStore|ARM64.Build.0 = Release|x86
		{0B73031C-0121-49BE-B0DF-3D4067596B6E}.AppStore|ARM64.Deploy.0 = Release|x86
		{0B73031C-0121-49BE-B0DF-3D4067596B6E}.AppStore|iPhone.ActiveCfg = Release|x86
		{0B73031C-0121-49BE-B0DF-3D4067596B6E}.AppStore|iPhone.Build.0 = Release|x86
		{0B73031C-0121-49BE-B0DF-3D4067596B6E}.AppStore|iPhone.Deploy.0 = Release|x86
		{0B73031C-0121-49BE-B0DF-3D4067596B6E}.AppStore|iPhoneSimulator.ActiveCfg = Release|x86
		{0B73031C-0121-49BE-B0DF-3D4067596B6E}.AppStore|iPhoneSimulator.Build.0 = Release|x86
		{0B73031C-0121-49BE-B0DF-3D4067596B6E}.AppStore|iPhoneSimulator.Deploy.0 = Release|x86
		{0B73031C-0121-49BE-B0DF-3D4067596B6E}.AppStore|x64.ActiveCfg = Release|x64
		{0B73031C-0121-49BE-B0DF-3D4067596B6E}.AppStore|x64.Build.0 = Release|x64
		{0B73031C-0121-49BE-B0DF-3D4067596B6E}.AppStore|x64.Deploy.0 = Release|x64
		{0B73031C-0121-49BE-B0DF-3D4067596B6E}.AppStore|x86.ActiveCfg = Release|x86
		{0B73031C-0121-49BE-B0DF-3D4067596B6E}.AppStore|x86.Build.0 = Release|x86
		{0B73031C-0121-49BE-B0DF-3D4067596B6E}.AppStore|x86.Deploy.0 = Release|x86
		{0B73031C-0121-49BE-B0DF-3D4067596B6E}.Debug|Any CPU.ActiveCfg = Debug|x86
		{0B73031C-0121-49BE-B0DF-3D4067596B6E}.Debug|ARM.ActiveCfg = Debug|ARM
		{0B73031C-0121-49BE-B0DF-3D4067596B6E}.Debug|ARM.Build.0 = Debug|ARM
		{0B73031C-0121-49BE-B0DF-3D4067596B6E}.Debug|ARM.Deploy.0 = Debug|ARM
		{0B73031C-0121-49BE-B0DF-3D4067596B6E}.Debug|ARM64.ActiveCfg = Debug|x86
		{0B73031C-0121-49BE-B0DF-3D4067596B6E}.Debug|iPhone.ActiveCfg = Debug|x86
		{0B73031C-0121-49BE-B0DF-3D4067596B6E}.Debug|iPhoneSimulator.ActiveCfg = Debug|x86
		{0B73031C-0121-49BE-B0DF-3D4067596B6E}.Debug|x64.ActiveCfg = Debug|x64
		{0B73031C-0121-49BE-B0DF-3D4067596B6E}.Debug|x64.Build.0 = Debug|x64
		{0B73031C-0121-49BE-B0DF-3D4067596B6E}.Debug|x64.Deploy.0 = Debug|x64
		{0B73031C-0121-49BE-B0DF-3D4067596B6E}.Debug|x86.ActiveCfg = Debug|x86
		{0B73031C-0121-49BE-B0DF-3D4067596B6E}.Debug|x86.Build.0 = Debug|x86
		{0B73031C-0121-49BE-B0DF-3D4067596B6E}.Debug|x86.Deploy.0 = Debug|x86
		{0B73031C-0121-49BE-B0DF-3D4067596B6E}.Release|Any CPU.ActiveCfg = Release|x86
		{0B73031C-0121-49BE-B0DF-3D4067596B6E}.Release|ARM.ActiveCfg = Release|ARM
		{0B73031C-0121-49BE-B0DF-3D4067596B6E}.Release|ARM.Build.0 = Release|ARM
		{0B73031C-0121-49BE-B0DF-3D4067596B6E}.Release|ARM.Deploy.0 = Release|ARM
		{0B73031C-0121-49BE-B0DF-3D4067596B6E}.Release|ARM64.ActiveCfg = Release|x86
		{0B73031C-0121-49BE-B0DF-3D4067596B6E}.Release|iPhone.ActiveCfg = Release|x86
		{0B73031C-0121-49BE-B0DF-3D4067596B6E}.Release|iPhoneSimulator.ActiveCfg = Release|x86
		{0B73031C-0121-49BE-B0DF-3D4067596B6E}.Release|x64.ActiveCfg = Release|x64
		{0B73031C-0121-49BE-B0DF-3D4067596B6E}.Release|x64.Build.0 = Release|x64
		{0B73031C-0121-49BE-B0DF-3D4067596B6E}.Release|x64.Deploy.0 = Release|x64
		{0B73031C-0121-49BE-B0DF-3D4067596B6E}.Release|x86.ActiveCfg = Release|x86
		{0B73031C-0121-49BE-B0DF-3D4067596B6E}.Release|x86.Build.0 = Release|x86
		{0B73031C-0121-49BE-B0DF-3D4067596B6E}.Release|x86.Deploy.0 = Release|x86
		{8B8BAC27-33AA-4394-ACCD-3952E4AE47C6}.Ad-Hoc|Any CPU.ActiveCfg = Ad-Hoc|iPhone
		{8B8BAC27-33AA-4394-ACCD-3952E4AE47C6}.Ad-Hoc|ARM.ActiveCfg = Ad-Hoc|iPhone
		{8B8BAC27-33AA-4394-ACCD-3952E4AE47C6}.Ad-Hoc|ARM64.ActiveCfg = Ad-Hoc|iPhone
		{8B8BAC27-33AA-4394-ACCD-3952E4AE47C6}.Ad-Hoc|iPhone.ActiveCfg = Ad-Hoc|iPhone
		{8B8BAC27-33AA-4394-ACCD-3952E4AE47C6}.Ad-Hoc|iPhone.Build.0 = Ad-Hoc|iPhone
		{8B8BAC27-33AA-4394-ACCD-3952E4AE47C6}.Ad-Hoc|iPhoneSimulator.ActiveCfg = Ad-Hoc|iPhoneSimulator
		{8B8BAC27-33AA-4394-ACCD-3952E4AE47C6}.Ad-Hoc|iPhoneSimulator.Build.0 = Ad-Hoc|iPhoneSimulator
		{8B8BAC27-33AA-4394-ACCD-3952E4AE47C6}.Ad-Hoc|x64.ActiveCfg = Ad-Hoc|iPhone
		{8B8BAC27-33AA-4394-ACCD-3952E4AE47C6}.Ad-Hoc|x86.ActiveCfg = Ad-Hoc|iPhone
		{8B8BAC27-33AA-4394-ACCD-3952E4AE47C6}.AppStore|Any CPU.ActiveCfg = AppStore|iPhone
		{8B8BAC27-33AA-4394-ACCD-3952E4AE47C6}.AppStore|ARM.ActiveCfg = AppStore|iPhone
		{8B8BAC27-33AA-4394-ACCD-3952E4AE47C6}.AppStore|ARM64.ActiveCfg = AppStore|iPhone
		{8B8BAC27-33AA-4394-ACCD-3952E4AE47C6}.AppStore|iPhone.ActiveCfg = AppStore|iPhone
		{8B8BAC27-33AA-4394-ACCD-3952E4AE47C6}.AppStore|iPhone.Build.0 = AppStore|iPhone
		{8B8BAC27-33AA-4394-ACCD-3952E4AE47C6}.AppStore|iPhoneSimulator.ActiveCfg = AppStore|iPhoneSimulator
		{8B8BAC27-33AA-4394-ACCD-3952E4AE47C6}.AppStore|iPhoneSimulator.Build.0 = AppStore|iPhoneSimulator
		{8B8BAC27-33AA-4394-ACCD-3952E4AE47C6}.AppStore|x64.ActiveCfg = AppStore|iPhone
		{8B8BAC27-33AA-4394-ACCD-3952E4AE47C6}.AppStore|x86.ActiveCfg = AppStore|iPhone
		{8B8BAC27-33AA-4394-ACCD-3952E4AE47C6}.Debug|Any CPU.ActiveCfg = Debug|iPhone
		{8B8BAC27-33AA-4394-ACCD-3952E4AE47C6}.Debug|ARM.ActiveCfg = Debug|iPhone
		{8B8BAC27-33AA-4394-ACCD-3952E4AE47C6}.Debug|ARM64.ActiveCfg = Debug|iPhone
		{8B8BAC27-33AA-4394-ACCD-3952E4AE47C6}.Debug|iPhone.ActiveCfg = Debug|iPhone
		{8B8BAC27-33AA-4394-ACCD-3952E4AE47C6}.Debug|iPhone.Build.0 = Debug|iPhone
		{8B8BAC27-33AA-4394-ACCD-3952E4AE47C6}.Debug|iPhoneSimulator.ActiveCfg = Debug|iPhoneSimulator
		{8B8BAC27-33AA-4394-ACCD-3952E4AE47C6}.Debug|iPhoneSimulator.Build.0 = Debug|iPhoneSimulator
		{8B8BAC27-33AA-4394-ACCD-3952E4AE47C6}.Debug|x64.ActiveCfg = Debug|iPhone
		{8B8BAC27-33AA-4394-ACCD-3952E4AE47C6}.Debug|x86.ActiveCfg = Debug|iPhone
		{8B8BAC27-33AA-4394-ACCD-3952E4AE47C6}.Release|Any CPU.ActiveCfg = Release|iPhone
		{8B8BAC27-33AA-4394-ACCD-3952E4AE47C6}.Release|ARM.ActiveCfg = Release|iPhone
		{8B8BAC27-33AA-4394-ACCD-3952E4AE47C6}.Release|ARM64.ActiveCfg = Release|iPhone
		{8B8BAC27-33AA-4394-ACCD-3952E4AE47C6}.Release|iPhone.ActiveCfg = Release|iPhone
		{8B8BAC27-33AA-4394-ACCD-3952E4AE47C6}.Release|iPhone.Build.0 = Release|iPhone
		{8B8BAC27-33AA-4394-ACCD-3952E4AE47C6}.Release|iPhoneSimulator.ActiveCfg = Release|iPhoneSimulator
		{8B8BAC27-33AA-4394-ACCD-3952E4AE47C6}.Release|iPhoneSimulator.Build.0 = Release|iPhoneSimulator
		{8B8BAC27-33AA-4394-ACCD-3952E4AE47C6}.Release|x64.ActiveCfg = Release|iPhone
		{8B8BAC27-33AA-4394-ACCD-3952E4AE47C6}.Release|x86.ActiveCfg = Release|iPhone
	EndGlobalSection
	GlobalSection(SolutionProperties) = preSolution
		HideSolutionNode = FALSE
	EndGlobalSection
	GlobalSection(NestedProjects) = preSolution
		{66818BE5-780B-4FDE-9860-9D07242788EF} = {F06FF0C0-0F8C-4FB9-B18F-5DE7AA4A5A2F}
		{5F919EE1-0B5C-4FF9-8CED-C96E43F2EAE0} = {7EEC7A9E-5D3F-40E5-BF51-8938B63A7B42}
		{8B00EA48-F62B-4F74-AE0E-A20450A8C578} = {7EEC7A9E-5D3F-40E5-BF51-8938B63A7B42}
		{11434240-295F-4B2E-83E9-1FC8714F0512} = {8B00EA48-F62B-4F74-AE0E-A20450A8C578}
		{05A3ECFE-BADA-48EF-8944-D2180E7239D5} = {8B00EA48-F62B-4F74-AE0E-A20450A8C578}
		{214CDCF0-7DC1-4E75-8E42-5D376DFE4A17} = {F06FF0C0-0F8C-4FB9-B18F-5DE7AA4A5A2F}
		{69A185EC-6024-46BA-AE97-9FFFC9E0D4B6} = {F06FF0C0-0F8C-4FB9-B18F-5DE7AA4A5A2F}
		{B01B0B84-405C-4985-9C55-C0F98CE69783} = {F06FF0C0-0F8C-4FB9-B18F-5DE7AA4A5A2F}
		{85161165-DE55-40CE-A00B-CFED20A005D9} = {7EEC7A9E-5D3F-40E5-BF51-8938B63A7B42}
		{40D046E5-F82A-4FFC-8154-0196030B8784} = {F06FF0C0-0F8C-4FB9-B18F-5DE7AA4A5A2F}
		{E045A959-9607-4872-804A-F344C9EF5C91} = {7EEC7A9E-5D3F-40E5-BF51-8938B63A7B42}
		{7AD20FF1-20C2-48D2-9B73-790393BA8D6E} = {F06FF0C0-0F8C-4FB9-B18F-5DE7AA4A5A2F}
		{A4577624-6891-475E-BC62-11189D8CDF38} = {7EEC7A9E-5D3F-40E5-BF51-8938B63A7B42}
		{7E9175BB-807E-4855-833D-AF5AEED133B9} = {F06FF0C0-0F8C-4FB9-B18F-5DE7AA4A5A2F}
		{49E231F2-0B4B-425C-8324-AE26A510BD0B} = {7EEC7A9E-5D3F-40E5-BF51-8938B63A7B42}
		{3B277B07-8FC9-4DE5-9861-3B53D5DCC32B} = {7EEC7A9E-5D3F-40E5-BF51-8938B63A7B42}
		{0B73031C-0121-49BE-B0DF-3D4067596B6E} = {7EEC7A9E-5D3F-40E5-BF51-8938B63A7B42}
		{8B8BAC27-33AA-4394-ACCD-3952E4AE47C6} = {7EEC7A9E-5D3F-40E5-BF51-8938B63A7B42}
	EndGlobalSection
	GlobalSection(ExtensibilityGlobals) = postSolution
		SolutionGuid = {C9ECEA8E-8656-44A9-8464-0E4C20B44562}
	EndGlobalSection
EndGlobal
